{
  "object": {
    "pins": [
      {
        "package": "Commandant",
        "repositoryURL": "https://github.com/Carthage/Commandant.git",
        "state": {
          "branch": null,
          "revision": "ab68611013dec67413628ac87c1f29e8427bc8e4",
          "version": "0.17.0"
        }
      },
      {
        "package": "Curry",
        "repositoryURL": "https://github.com/thoughtbot/Curry.git",
        "state": {
          "branch": null,
          "revision": "4331dd50bc1db007db664a23f32e6f3df93d4e1a",
          "version": "4.0.2"
        }
      },
      {
        "package": "Nimble",
        "repositoryURL": "https://github.com/Quick/Nimble.git",
        "state": {
          "branch": null,
          "revision": "2b1809051b4a65c1d7f5233331daa24572cd7fca",
          "version": "8.1.1"
        }
      },
      {
        "package": "PrettyColors",
        "repositoryURL": "https://github.com/jdhealy/PrettyColors.git",
        "state": {
          "branch": null,
          "revision": "afd4553a4db6f656521cfe9b1f70bece2748c7d8",
          "version": "5.0.2"
        }
      },
      {
        "package": "Quick",
        "repositoryURL": "https://github.com/Quick/Quick.git",
        "state": {
          "branch": null,
          "revision": "09b3becb37cb2163919a3842a4c5fa6ec7130792",
          "version": "2.2.1"
        }
      },
      {
        "package": "ReactiveSwift",
        "repositoryURL": "https://github.com/ReactiveCocoa/ReactiveSwift.git",
        "state": {
          "branch": null,
          "revision": "3f4351d04115fd8797802d9b2d17b812cd761602",
          "version": "6.3.0"
        }
      },
      {
        "package": "ReactiveTask",
        "repositoryURL": "https://github.com/Carthage/ReactiveTask.git",
        "state": {
          "branch": "release-0.17.0",
          "revision": "0f6162a44d56b3e2fc3e42d20e77b8b09bd5e00a",
          "version": null
        }
      },
      {
        "package": "Result",
        "repositoryURL": "https://github.com/antitypical/Result.git",
        "state": {
          "branch": null,
          "revision": "12920a5c2595926efab9274d6003e29f503dbb66",
          "version": "5.0.0"
        }
      },
      {
        "package": "Tentacle",
        "repositoryURL": "https://github.com/mdiep/Tentacle.git",
        "state": {
          "branch": null,
          "revision": "fb9f20c3cc094103799e271dd664e1ee1b76211e",
          "version": "0.14.0"
        }
      }
    ]
  },
  "version": 1
}
