{
  "object": {
    "pins": [
      {
        "package": "Commandant",
        "repositoryURL": "https://github.com/Carthage/Commandant.git",
        "state": {
          "branch": null,
          "revision": "066bf9a79c37cf24fe4746ab7a1793b0359d1fe5",
          "version": "0.14.0"
        }
      },
      {
        "package": "Curry",
        "repositoryURL": "https://github.com/thoughtbot/Curry.git",
        "state": {
          "branch": null,
          "revision": "b6bf27ec9d711f607a8c7da9ca69ee9eaa201a22",
          "version": "4.0.1"
        }
      },
      {
        "package": "Nimble",
        "repositoryURL": "https://github.com/Quick/Nimble.git",
        "state": {
          "branch": null,
          "revision": "8023e3980d91b470ad073d6da843b73f2eeb1844",
          "version": "7.1.2"
        }
      },
      {
        "package": "PrettyColors",
        "repositoryURL": "https://github.com/jdhealy/PrettyColors.git",
        "state": {
          "branch": null,
          "revision": "1954a28331668a706134dc315fe264b15b74984e",
          "version": "5.0.1"
        }
      },
      {
        "package": "Quick",
        "repositoryURL": "https://github.com/Quick/Quick.git",
        "state": {
          "branch": null,
          "revision": "3e3023569c8d4c4a0d000f58db765df53041117f",
          "version": "1.3.0"
        }
      },
      {
        "package": "ReactiveSwift",
        "repositoryURL": "https://github.com/ReactiveCocoa/ReactiveSwift.git",
        "state": {
          "branch": null,
          "revision": "46fb4d4a8285286e54929add1d12f384675895c6",
          "version": "3.1.0"
        }
      },
      {
        "package": "ReactiveTask",
        "repositoryURL": "https://github.com/Carthage/ReactiveTask.git",
        "state": {
          "branch": null,
          "revision": "202a5b4a35e7dfc42be0ba1235d18c3c1ce89830",
          "version": "0.14.0"
        }
      },
      {
        "package": "Result",
        "repositoryURL": "https://github.com/antitypical/Result.git",
        "state": {
          "branch": null,
          "revision": "7477584259bfce2560a19e06ad9f71db441fff11",
          "version": "3.2.4"
        }
      },
      {
        "package": "Tentacle",
        "repositoryURL": "https://github.com/mdiep/Tentacle.git",
        "state": {
          "branch": null,
          "revision": "2ac00b0cbfff50109f11ae4bfb03a03b0a02b4cf",
          "version": "0.11.0"
        }
      }
    ]
  },
  "version": 1
}
