// !$*UTF8*$!
{
	archiveVersion = 1;
	classes = {
	};
	objectVersion = 46;
	objects = {

/* Begin PBXBuildFile section */
		D02BA9971A25959700A814CB /* ReactiveCocoa.h in Headers */ = {isa = PBXBuildFile; fileRef = D02BA9961A25959700A814CB /* ReactiveCocoa.h */; };
		D02BA9991A25959700A814CB /* ReactiveCocoa.m in Sources */ = {isa = PBXBuildFile; fileRef = D02BA9981A25959700A814CB /* ReactiveCocoa.m */; };
		D02BA99F1A25959700A814CB /* libReactiveCocoa.a in Frameworks */ = {isa = PBXBuildFile; fileRef = D02BA9941A25959700A814CB /* libReactiveCocoa.a */; };
		D02BA9AF1A2595A600A814CB /* RACSignal+RCLAnimationAdditions.m in Sources */ = {isa = PBXBuildFile; fileRef = D037FEF31696ED02002D0CBA /* RACSignal+RCLAnimationAdditions.m */; };
		D037FEF41696ED02002D0CBA /* RACSignal+RCLAnimationAdditions.h in Headers */ = {isa = PBXBuildFile; fileRef = D037FEF21696ED02002D0CBA /* RACSignal+RCLAnimationAdditions.h */; settings = {ATTRIBUTES = (Public, ); }; };
		D037FEF51696ED02002D0CBA /* RACSignal+RCLAnimationAdditions.m in Sources */ = {isa = PBXBuildFile; fileRef = D037FEF31696ED02002D0CBA /* RACSignal+RCLAnimationAdditions.m */; };
		D051391B167F108000334374 /* View+RCLAutoLayoutAdditions.h in Headers */ = {isa = PBXBuildFile; fileRef = D0513919167F108000334374 /* View+RCLAutoLayoutAdditions.h */; settings = {ATTRIBUTES = (Public, ); }; };
		D051391C167F108000334374 /* View+RCLAutoLayoutAdditions.m in Sources */ = {isa = PBXBuildFile; fileRef = D051391A167F108000334374 /* View+RCLAutoLayoutAdditions.m */; };
		D0513974167F149F00334374 /* TestView.m in Sources */ = {isa = PBXBuildFile; fileRef = D0513973167F149F00334374 /* TestView.m */; };
		D0731B8719FF028F00C01E16 /* ReactiveCocoaLayout.framework in Frameworks */ = {isa = PBXBuildFile; fileRef = D0731B7C19FF028F00C01E16 /* ReactiveCocoaLayout.framework */; };
		D0731B9919FF034700C01E16 /* ReactiveCocoaLayout.h in Headers */ = {isa = PBXBuildFile; fileRef = D0BB24811678772C005E9371 /* ReactiveCocoaLayout.h */; settings = {ATTRIBUTES = (Public, ); }; };
		D0731B9A19FF03B600C01E16 /* RACSignal+RCLAnimationAdditions.h in Headers */ = {isa = PBXBuildFile; fileRef = D037FEF21696ED02002D0CBA /* RACSignal+RCLAnimationAdditions.h */; settings = {ATTRIBUTES = (Public, ); }; };
		D0731B9B19FF03B600C01E16 /* RACSignal+RCLAnimationAdditions.m in Sources */ = {isa = PBXBuildFile; fileRef = D037FEF31696ED02002D0CBA /* RACSignal+RCLAnimationAdditions.m */; };
		D0731B9C19FF03B600C01E16 /* RACSignal+RCLGeometryAdditions.h in Headers */ = {isa = PBXBuildFile; fileRef = D0BB2630167887C3005E9371 /* RACSignal+RCLGeometryAdditions.h */; settings = {ATTRIBUTES = (Public, ); }; };
		D0731B9D19FF03B600C01E16 /* RACSignal+RCLGeometryAdditions.m in Sources */ = {isa = PBXBuildFile; fileRef = D0BB2631167887C3005E9371 /* RACSignal+RCLGeometryAdditions.m */; };
		D0731B9E19FF03B600C01E16 /* RACSignal+RCLWritingDirectionAdditions.h in Headers */ = {isa = PBXBuildFile; fileRef = D0ED89F216814D800041A188 /* RACSignal+RCLWritingDirectionAdditions.h */; settings = {ATTRIBUTES = (Public, ); }; };
		D0731B9F19FF03B600C01E16 /* RACSignal+RCLWritingDirectionAdditions.m in Sources */ = {isa = PBXBuildFile; fileRef = D0ED89F316814D800041A188 /* RACSignal+RCLWritingDirectionAdditions.m */; };
		D0731BA019FF03B600C01E16 /* RCLMacros.h in Headers */ = {isa = PBXBuildFile; fileRef = D0C20EF41736398700115B19 /* RCLMacros.h */; settings = {ATTRIBUTES = (Public, ); }; };
		D0731BA119FF03B600C01E16 /* RCLMacros.m in Sources */ = {isa = PBXBuildFile; fileRef = D0C20EF717363A6500115B19 /* RCLMacros.m */; };
		D0731BA219FF03B600C01E16 /* View+RCLAutoLayoutAdditions.h in Headers */ = {isa = PBXBuildFile; fileRef = D0513919167F108000334374 /* View+RCLAutoLayoutAdditions.h */; settings = {ATTRIBUTES = (Public, ); }; };
		D0731BA319FF03B600C01E16 /* View+RCLAutoLayoutAdditions.m in Sources */ = {isa = PBXBuildFile; fileRef = D051391A167F108000334374 /* View+RCLAutoLayoutAdditions.m */; };
		D0731BA419FF03B600C01E16 /* UIView+RCLGeometryAdditions.h in Headers */ = {isa = PBXBuildFile; fileRef = D0FD5A961679E7AF003C3210 /* UIView+RCLGeometryAdditions.h */; settings = {ATTRIBUTES = (Public, ); }; };
		D0731BA519FF03B600C01E16 /* UIView+RCLGeometryAdditions.m in Sources */ = {isa = PBXBuildFile; fileRef = D0FD5A971679E7AF003C3210 /* UIView+RCLGeometryAdditions.m */; };
		D0731BAB19FF04B300C01E16 /* UIKit.framework in Frameworks */ = {isa = PBXBuildFile; fileRef = D0731BAA19FF04B300C01E16 /* UIKit.framework */; };
		D0731BC019FF2A6F00C01E16 /* SwiftSpec.swift in Sources */ = {isa = PBXBuildFile; fileRef = D0731BBF19FF2A6F00C01E16 /* SwiftSpec.swift */; };
		D0731BC119FF2A6F00C01E16 /* SwiftSpec.swift in Sources */ = {isa = PBXBuildFile; fileRef = D0731BBF19FF2A6F00C01E16 /* SwiftSpec.swift */; };
		D096C4EF16917B140071C6D6 /* NSControl+RCLGeometryAdditions.h in Headers */ = {isa = PBXBuildFile; fileRef = D096C4ED16917B140071C6D6 /* NSControl+RCLGeometryAdditions.h */; settings = {ATTRIBUTES = (Public, ); }; };
		D096C4F016917B140071C6D6 /* NSControl+RCLGeometryAdditions.m in Sources */ = {isa = PBXBuildFile; fileRef = D096C4EE16917B140071C6D6 /* NSControl+RCLGeometryAdditions.m */; };
		D096C51816917BA60071C6D6 /* NSCell+RCLGeometryAdditions.h in Headers */ = {isa = PBXBuildFile; fileRef = D096C51616917BA60071C6D6 /* NSCell+RCLGeometryAdditions.h */; settings = {ATTRIBUTES = (Public, ); }; };
		D096C51916917BA60071C6D6 /* NSCell+RCLGeometryAdditions.m in Sources */ = {isa = PBXBuildFile; fileRef = D096C51716917BA60071C6D6 /* NSCell+RCLGeometryAdditions.m */; };
		D0BB24751678772C005E9371 /* Cocoa.framework in Frameworks */ = {isa = PBXBuildFile; fileRef = D0BB24741678772C005E9371 /* Cocoa.framework */; };
		D0BB248C1678772C005E9371 /* Cocoa.framework in Frameworks */ = {isa = PBXBuildFile; fileRef = D0BB24741678772C005E9371 /* Cocoa.framework */; };
		D0BB248F1678772C005E9371 /* ReactiveCocoaLayout.framework in Frameworks */ = {isa = PBXBuildFile; fileRef = D0BB24711678772C005E9371 /* ReactiveCocoaLayout.framework */; };
		D0BB24DD167879A3005E9371 /* ReactiveCocoaLayout.h in Headers */ = {isa = PBXBuildFile; fileRef = D0BB24811678772C005E9371 /* ReactiveCocoaLayout.h */; settings = {ATTRIBUTES = (Public, ); }; };
		D0BB25E01678847A005E9371 /* NSView+RCLGeometryAdditions.h in Headers */ = {isa = PBXBuildFile; fileRef = D0BB25DE1678847A005E9371 /* NSView+RCLGeometryAdditions.h */; settings = {ATTRIBUTES = (Public, ); }; };
		D0BB25E11678847A005E9371 /* NSView+RCLGeometryAdditions.m in Sources */ = {isa = PBXBuildFile; fileRef = D0BB25DF1678847A005E9371 /* NSView+RCLGeometryAdditions.m */; };
		D0BB2632167887C3005E9371 /* RACSignal+RCLGeometryAdditions.h in Headers */ = {isa = PBXBuildFile; fileRef = D0BB2630167887C3005E9371 /* RACSignal+RCLGeometryAdditions.h */; settings = {ATTRIBUTES = (Public, ); }; };
		D0BB2633167887C3005E9371 /* RACSignal+RCLGeometryAdditions.m in Sources */ = {isa = PBXBuildFile; fileRef = D0BB2631167887C3005E9371 /* RACSignal+RCLGeometryAdditions.m */; };
		D0C20EF51736398700115B19 /* RCLMacros.h in Headers */ = {isa = PBXBuildFile; fileRef = D0C20EF41736398700115B19 /* RCLMacros.h */; settings = {ATTRIBUTES = (Public, ); }; };
		D0C20EF817363A6500115B19 /* RCLMacros.m in Sources */ = {isa = PBXBuildFile; fileRef = D0C20EF717363A6500115B19 /* RCLMacros.m */; };
		D0CF35941A2673F7006A9A4B /* AuxiliaryFramework.h in Headers */ = {isa = PBXBuildFile; fileRef = D0CF35931A2673F7006A9A4B /* AuxiliaryFramework.h */; settings = {ATTRIBUTES = (Public, ); }; };
		D0CF359A1A2673F7006A9A4B /* AuxiliaryFramework.framework in Frameworks */ = {isa = PBXBuildFile; fileRef = D0CF358F1A2673F6006A9A4B /* AuxiliaryFramework.framework */; };
		D0CF35A11A2673F7006A9A4B /* AuxiliaryFrameworkTests.m in Sources */ = {isa = PBXBuildFile; fileRef = D0CF35A01A2673F7006A9A4B /* AuxiliaryFrameworkTests.m */; };
		D0DF007919FF497300698F57 /* TestView.m in Sources */ = {isa = PBXBuildFile; fileRef = D0513973167F149F00334374 /* TestView.m */; };
		D0EB8EBB19FF4E10006FA2D5 /* ReactiveCocoaLayout.framework in Copy Frameworks */ = {isa = PBXBuildFile; fileRef = D0BB24711678772C005E9371 /* ReactiveCocoaLayout.framework */; settings = {ATTRIBUTES = (CodeSignOnCopy, RemoveHeadersOnCopy, ); }; };
		D0ED89F416814D800041A188 /* RACSignal+RCLWritingDirectionAdditions.h in Headers */ = {isa = PBXBuildFile; fileRef = D0ED89F216814D800041A188 /* RACSignal+RCLWritingDirectionAdditions.h */; settings = {ATTRIBUTES = (Public, ); }; };
		D0ED89F516814D800041A188 /* RACSignal+RCLWritingDirectionAdditions.m in Sources */ = {isa = PBXBuildFile; fileRef = D0ED89F316814D800041A188 /* RACSignal+RCLWritingDirectionAdditions.m */; };
/* End PBXBuildFile section */

/* Begin PBXContainerItemProxy section */
		D02BA9A01A25959700A814CB /* PBXContainerItemProxy */ = {
			isa = PBXContainerItemProxy;
			containerPortal = D0BB24671678772C005E9371 /* Project object */;
			proxyType = 1;
			remoteGlobalIDString = D02BA9931A25959700A814CB;
			remoteInfo = ReactiveCocoa;
		};
		D0731B8819FF028F00C01E16 /* PBXContainerItemProxy */ = {
			isa = PBXContainerItemProxy;
			containerPortal = D0BB24671678772C005E9371 /* Project object */;
			proxyType = 1;
			remoteGlobalIDString = D0731B7B19FF028F00C01E16;
			remoteInfo = ReactiveCocoaLayout;
		};
		D0BB248D1678772C005E9371 /* PBXContainerItemProxy */ = {
			isa = PBXContainerItemProxy;
			containerPortal = D0BB24671678772C005E9371 /* Project object */;
			proxyType = 1;
			remoteGlobalIDString = D0BB24701678772C005E9371;
			remoteInfo = ReactiveCocoaLayout;
		};
		D0CF359B1A2673F7006A9A4B /* PBXContainerItemProxy */ = {
			isa = PBXContainerItemProxy;
			containerPortal = D0BB24671678772C005E9371 /* Project object */;
			proxyType = 1;
			remoteGlobalIDString = D0CF358E1A2673F6006A9A4B;
			remoteInfo = AuxiliaryFramework;
		};
/* End PBXContainerItemProxy section */

/* Begin PBXCopyFilesBuildPhase section */
		D0731BBA19FF05DB00C01E16 /* Copy Frameworks */ = {
			isa = PBXCopyFilesBuildPhase;
			buildActionMask = 2147483647;
			dstPath = "";
			dstSubfolderSpec = 10;
			files = (
				D0EB8EBB19FF4E10006FA2D5 /* ReactiveCocoaLayout.framework in Copy Frameworks */,
			);
			name = "Copy Frameworks";
			runOnlyForDeploymentPostprocessing = 0;
		};
/* End PBXCopyFilesBuildPhase section */

/* Begin PBXFileReference section */
		D02BA9941A25959700A814CB /* libReactiveCocoa.a */ = {isa = PBXFileReference; explicitFileType = archive.ar; includeInIndex = 0; path = libReactiveCocoa.a; sourceTree = BUILT_PRODUCTS_DIR; };
		D02BA9961A25959700A814CB /* ReactiveCocoa.h */ = {isa = PBXFileReference; lastKnownFileType = sourcecode.c.h; path = ReactiveCocoa.h; sourceTree = "<group>"; };
		D02BA9981A25959700A814CB /* ReactiveCocoa.m */ = {isa = PBXFileReference; lastKnownFileType = sourcecode.c.objc; path = ReactiveCocoa.m; sourceTree = "<group>"; };
		D02BA99E1A25959700A814CB /* ReactiveCocoaTests.xctest */ = {isa = PBXFileReference; explicitFileType = wrapper.cfbundle; includeInIndex = 0; path = ReactiveCocoaTests.xctest; sourceTree = BUILT_PRODUCTS_DIR; };
		D02BA9A41A25959700A814CB /* Info.plist */ = {isa = PBXFileReference; lastKnownFileType = text.plist.xml; path = Info.plist; sourceTree = "<group>"; };
		D037FEF21696ED02002D0CBA /* RACSignal+RCLAnimationAdditions.h */ = {isa = PBXFileReference; fileEncoding = 4; lastKnownFileType = sourcecode.c.h; path = "RACSignal+RCLAnimationAdditions.h"; sourceTree = "<group>"; };
		D037FEF31696ED02002D0CBA /* RACSignal+RCLAnimationAdditions.m */ = {isa = PBXFileReference; fileEncoding = 4; lastKnownFileType = sourcecode.c.objc; path = "RACSignal+RCLAnimationAdditions.m"; sourceTree = "<group>"; };
		D0513919167F108000334374 /* View+RCLAutoLayoutAdditions.h */ = {isa = PBXFileReference; fileEncoding = 4; lastKnownFileType = sourcecode.c.h; path = "View+RCLAutoLayoutAdditions.h"; sourceTree = "<group>"; };
		D051391A167F108000334374 /* View+RCLAutoLayoutAdditions.m */ = {isa = PBXFileReference; fileEncoding = 4; lastKnownFileType = sourcecode.c.objc; path = "View+RCLAutoLayoutAdditions.m"; sourceTree = "<group>"; };
		D0513972167F149F00334374 /* TestView.h */ = {isa = PBXFileReference; fileEncoding = 4; lastKnownFileType = sourcecode.c.h; path = TestView.h; sourceTree = "<group>"; };
		D0513973167F149F00334374 /* TestView.m */ = {isa = PBXFileReference; fileEncoding = 4; lastKnownFileType = sourcecode.c.objc; path = TestView.m; sourceTree = "<group>"; };
		D0731B7519FF01B700C01E16 /* Framework.xcconfig */ = {isa = PBXFileReference; lastKnownFileType = text.xcconfig; path = Framework.xcconfig; sourceTree = "<group>"; };
		D0731B7619FF01BC00C01E16 /* iOS-Framework.xcconfig */ = {isa = PBXFileReference; lastKnownFileType = text.xcconfig; path = "iOS-Framework.xcconfig"; sourceTree = "<group>"; };
		D0731B7C19FF028F00C01E16 /* ReactiveCocoaLayout.framework */ = {isa = PBXFileReference; explicitFileType = wrapper.framework; includeInIndex = 0; path = ReactiveCocoaLayout.framework; sourceTree = BUILT_PRODUCTS_DIR; };
		D0731B8619FF028F00C01E16 /* ReactiveCocoaLayout iOS Tests.xctest */ = {isa = PBXFileReference; explicitFileType = wrapper.cfbundle; includeInIndex = 0; path = "ReactiveCocoaLayout iOS Tests.xctest"; sourceTree = BUILT_PRODUCTS_DIR; };
		D0731BAA19FF04B300C01E16 /* UIKit.framework */ = {isa = PBXFileReference; lastKnownFileType = wrapper.framework; name = UIKit.framework; path = Platforms/iPhoneOS.platform/Developer/SDKs/iPhoneOS8.1.sdk/System/Library/Frameworks/UIKit.framework; sourceTree = DEVELOPER_DIR; };
		D0731BBF19FF2A6F00C01E16 /* SwiftSpec.swift */ = {isa = PBXFileReference; fileEncoding = 4; lastKnownFileType = sourcecode.swift; path = SwiftSpec.swift; sourceTree = "<group>"; };
		D094E4B01777661600906BF7 /* Common.xcconfig */ = {isa = PBXFileReference; lastKnownFileType = text.xcconfig; path = Common.xcconfig; sourceTree = "<group>"; };
		D094E4B21777661600906BF7 /* Debug.xcconfig */ = {isa = PBXFileReference; lastKnownFileType = text.xcconfig; path = Debug.xcconfig; sourceTree = "<group>"; };
		D094E4B31777661600906BF7 /* Profile.xcconfig */ = {isa = PBXFileReference; lastKnownFileType = text.xcconfig; path = Profile.xcconfig; sourceTree = "<group>"; };
		D094E4B41777661600906BF7 /* Release.xcconfig */ = {isa = PBXFileReference; lastKnownFileType = text.xcconfig; path = Release.xcconfig; sourceTree = "<group>"; };
		D094E4B51777661600906BF7 /* Test.xcconfig */ = {isa = PBXFileReference; lastKnownFileType = text.xcconfig; path = Test.xcconfig; sourceTree = "<group>"; };
		D094E4B71777661600906BF7 /* Application.xcconfig */ = {isa = PBXFileReference; lastKnownFileType = text.xcconfig; path = Application.xcconfig; sourceTree = "<group>"; };
		D094E4B81777661600906BF7 /* StaticLibrary.xcconfig */ = {isa = PBXFileReference; lastKnownFileType = text.xcconfig; path = StaticLibrary.xcconfig; sourceTree = "<group>"; };
		D094E4BA1777661600906BF7 /* iOS-Application.xcconfig */ = {isa = PBXFileReference; lastKnownFileType = text.xcconfig; path = "iOS-Application.xcconfig"; sourceTree = "<group>"; };
		D094E4BB1777661600906BF7 /* iOS-Base.xcconfig */ = {isa = PBXFileReference; lastKnownFileType = text.xcconfig; path = "iOS-Base.xcconfig"; sourceTree = "<group>"; };
		D094E4BC1777661600906BF7 /* iOS-StaticLibrary.xcconfig */ = {isa = PBXFileReference; lastKnownFileType = text.xcconfig; path = "iOS-StaticLibrary.xcconfig"; sourceTree = "<group>"; };
		D094E4BE1777661600906BF7 /* Mac-Application.xcconfig */ = {isa = PBXFileReference; lastKnownFileType = text.xcconfig; path = "Mac-Application.xcconfig"; sourceTree = "<group>"; };
		D094E4BF1777661600906BF7 /* Mac-Base.xcconfig */ = {isa = PBXFileReference; lastKnownFileType = text.xcconfig; path = "Mac-Base.xcconfig"; sourceTree = "<group>"; };
		D094E4C01777661600906BF7 /* Mac-DynamicLibrary.xcconfig */ = {isa = PBXFileReference; lastKnownFileType = text.xcconfig; path = "Mac-DynamicLibrary.xcconfig"; sourceTree = "<group>"; };
		D094E4C11777661600906BF7 /* Mac-Framework.xcconfig */ = {isa = PBXFileReference; lastKnownFileType = text.xcconfig; path = "Mac-Framework.xcconfig"; sourceTree = "<group>"; };
		D094E4C21777661600906BF7 /* Mac-StaticLibrary.xcconfig */ = {isa = PBXFileReference; lastKnownFileType = text.xcconfig; path = "Mac-StaticLibrary.xcconfig"; sourceTree = "<group>"; };
		D094E4C31777661600906BF7 /* README.md */ = {isa = PBXFileReference; lastKnownFileType = text; path = README.md; sourceTree = "<group>"; };
		D096C4ED16917B140071C6D6 /* NSControl+RCLGeometryAdditions.h */ = {isa = PBXFileReference; fileEncoding = 4; lastKnownFileType = sourcecode.c.h; path = "NSControl+RCLGeometryAdditions.h"; sourceTree = "<group>"; };
		D096C4EE16917B140071C6D6 /* NSControl+RCLGeometryAdditions.m */ = {isa = PBXFileReference; fileEncoding = 4; lastKnownFileType = sourcecode.c.objc; path = "NSControl+RCLGeometryAdditions.m"; sourceTree = "<group>"; };
		D096C51616917BA60071C6D6 /* NSCell+RCLGeometryAdditions.h */ = {isa = PBXFileReference; fileEncoding = 4; lastKnownFileType = sourcecode.c.h; path = "NSCell+RCLGeometryAdditions.h"; sourceTree = "<group>"; };
		D096C51716917BA60071C6D6 /* NSCell+RCLGeometryAdditions.m */ = {isa = PBXFileReference; fileEncoding = 4; lastKnownFileType = sourcecode.c.objc; path = "NSCell+RCLGeometryAdditions.m"; sourceTree = "<group>"; };
		D0BB24711678772C005E9371 /* ReactiveCocoaLayout.framework */ = {isa = PBXFileReference; explicitFileType = wrapper.framework; includeInIndex = 0; path = ReactiveCocoaLayout.framework; sourceTree = BUILT_PRODUCTS_DIR; };
		D0BB24741678772C005E9371 /* Cocoa.framework */ = {isa = PBXFileReference; lastKnownFileType = wrapper.framework; name = Cocoa.framework; path = System/Library/Frameworks/Cocoa.framework; sourceTree = SDKROOT; };
		D0BB24771678772C005E9371 /* AppKit.framework */ = {isa = PBXFileReference; lastKnownFileType = wrapper.framework; name = AppKit.framework; path = System/Library/Frameworks/AppKit.framework; sourceTree = SDKROOT; };
		D0BB24791678772C005E9371 /* Foundation.framework */ = {isa = PBXFileReference; lastKnownFileType = wrapper.framework; name = Foundation.framework; path = System/Library/Frameworks/Foundation.framework; sourceTree = SDKROOT; };
		D0BB247C1678772C005E9371 /* Info.plist */ = {isa = PBXFileReference; lastKnownFileType = text.plist.xml; path = Info.plist; sourceTree = "<group>"; };
		D0BB24811678772C005E9371 /* ReactiveCocoaLayout.h */ = {isa = PBXFileReference; lastKnownFileType = sourcecode.c.h; path = ReactiveCocoaLayout.h; sourceTree = "<group>"; };
		D0BB24891678772C005E9371 /* ReactiveCocoaLayout Mac Tests.xctest */ = {isa = PBXFileReference; explicitFileType = wrapper.cfbundle; includeInIndex = 0; path = "ReactiveCocoaLayout Mac Tests.xctest"; sourceTree = BUILT_PRODUCTS_DIR; };
		D0BB24921678772C005E9371 /* Info.plist */ = {isa = PBXFileReference; lastKnownFileType = text.plist.xml; path = Info.plist; sourceTree = "<group>"; };
		D0BB25DE1678847A005E9371 /* NSView+RCLGeometryAdditions.h */ = {isa = PBXFileReference; fileEncoding = 4; lastKnownFileType = sourcecode.c.h; path = "NSView+RCLGeometryAdditions.h"; sourceTree = "<group>"; };
		D0BB25DF1678847A005E9371 /* NSView+RCLGeometryAdditions.m */ = {isa = PBXFileReference; fileEncoding = 4; lastKnownFileType = sourcecode.c.objc; path = "NSView+RCLGeometryAdditions.m"; sourceTree = "<group>"; };
		D0BB2630167887C3005E9371 /* RACSignal+RCLGeometryAdditions.h */ = {isa = PBXFileReference; fileEncoding = 4; lastKnownFileType = sourcecode.c.h; path = "RACSignal+RCLGeometryAdditions.h"; sourceTree = "<group>"; };
		D0BB2631167887C3005E9371 /* RACSignal+RCLGeometryAdditions.m */ = {isa = PBXFileReference; fileEncoding = 4; lastKnownFileType = sourcecode.c.objc; path = "RACSignal+RCLGeometryAdditions.m"; sourceTree = "<group>"; };
		D0C20EF41736398700115B19 /* RCLMacros.h */ = {isa = PBXFileReference; fileEncoding = 4; lastKnownFileType = sourcecode.c.h; path = RCLMacros.h; sourceTree = "<group>"; };
		D0C20EF717363A6500115B19 /* RCLMacros.m */ = {isa = PBXFileReference; fileEncoding = 4; lastKnownFileType = sourcecode.c.objc; path = RCLMacros.m; sourceTree = "<group>"; };
		D0CF358F1A2673F6006A9A4B /* AuxiliaryFramework.framework */ = {isa = PBXFileReference; explicitFileType = wrapper.framework; includeInIndex = 0; path = AuxiliaryFramework.framework; sourceTree = BUILT_PRODUCTS_DIR; };
		D0CF35921A2673F7006A9A4B /* Info.plist */ = {isa = PBXFileReference; lastKnownFileType = text.plist.xml; path = Info.plist; sourceTree = "<group>"; };
		D0CF35931A2673F7006A9A4B /* AuxiliaryFramework.h */ = {isa = PBXFileReference; lastKnownFileType = sourcecode.c.h; path = AuxiliaryFramework.h; sourceTree = "<group>"; };
		D0CF35991A2673F7006A9A4B /* AuxiliaryFrameworkTests.xctest */ = {isa = PBXFileReference; explicitFileType = wrapper.cfbundle; includeInIndex = 0; path = AuxiliaryFrameworkTests.xctest; sourceTree = BUILT_PRODUCTS_DIR; };
		D0CF359F1A2673F7006A9A4B /* Info.plist */ = {isa = PBXFileReference; lastKnownFileType = text.plist.xml; path = Info.plist; sourceTree = "<group>"; };
		D0CF35A01A2673F7006A9A4B /* AuxiliaryFrameworkTests.m */ = {isa = PBXFileReference; lastKnownFileType = sourcecode.c.objc; path = AuxiliaryFrameworkTests.m; sourceTree = "<group>"; };
		D0ED89F216814D800041A188 /* RACSignal+RCLWritingDirectionAdditions.h */ = {isa = PBXFileReference; fileEncoding = 4; lastKnownFileType = sourcecode.c.h; path = "RACSignal+RCLWritingDirectionAdditions.h"; sourceTree = "<group>"; };
		D0ED89F316814D800041A188 /* RACSignal+RCLWritingDirectionAdditions.m */ = {isa = PBXFileReference; fileEncoding = 4; lastKnownFileType = sourcecode.c.objc; path = "RACSignal+RCLWritingDirectionAdditions.m"; sourceTree = "<group>"; };
		D0FD5A961679E7AF003C3210 /* UIView+RCLGeometryAdditions.h */ = {isa = PBXFileReference; fileEncoding = 4; lastKnownFileType = sourcecode.c.h; path = "UIView+RCLGeometryAdditions.h"; sourceTree = "<group>"; };
		D0FD5A971679E7AF003C3210 /* UIView+RCLGeometryAdditions.m */ = {isa = PBXFileReference; fileEncoding = 4; lastKnownFileType = sourcecode.c.objc; path = "UIView+RCLGeometryAdditions.m"; sourceTree = "<group>"; };
/* End PBXFileReference section */

/* Begin PBXFrameworksBuildPhase section */
		D02BA9911A25959700A814CB /* Frameworks */ = {
			isa = PBXFrameworksBuildPhase;
			buildActionMask = 2147483647;
			files = (
			);
			runOnlyForDeploymentPostprocessing = 0;
		};
		D02BA99B1A25959700A814CB /* Frameworks */ = {
			isa = PBXFrameworksBuildPhase;
			buildActionMask = 2147483647;
			files = (
				D02BA99F1A25959700A814CB /* libReactiveCocoa.a in Frameworks */,
			);
			runOnlyForDeploymentPostprocessing = 0;
		};
		D0731B7819FF028F00C01E16 /* Frameworks */ = {
			isa = PBXFrameworksBuildPhase;
			buildActionMask = 2147483647;
			files = (
				D0731BAB19FF04B300C01E16 /* UIKit.framework in Frameworks */,
			);
			runOnlyForDeploymentPostprocessing = 0;
		};
		D0731B8319FF028F00C01E16 /* Frameworks */ = {
			isa = PBXFrameworksBuildPhase;
			buildActionMask = 2147483647;
			files = (
				D0731B8719FF028F00C01E16 /* ReactiveCocoaLayout.framework in Frameworks */,
			);
			runOnlyForDeploymentPostprocessing = 0;
		};
		D0BB246D1678772C005E9371 /* Frameworks */ = {
			isa = PBXFrameworksBuildPhase;
			buildActionMask = 2147483647;
			files = (
				D0BB24751678772C005E9371 /* Cocoa.framework in Frameworks */,
			);
			runOnlyForDeploymentPostprocessing = 0;
		};
		D0BB24851678772C005E9371 /* Frameworks */ = {
			isa = PBXFrameworksBuildPhase;
			buildActionMask = 2147483647;
			files = (
				D0BB248C1678772C005E9371 /* Cocoa.framework in Frameworks */,
				D0BB248F1678772C005E9371 /* ReactiveCocoaLayout.framework in Frameworks */,
			);
			runOnlyForDeploymentPostprocessing = 0;
		};
		D0CF358B1A2673F6006A9A4B /* Frameworks */ = {
			isa = PBXFrameworksBuildPhase;
			buildActionMask = 2147483647;
			files = (
			);
			runOnlyForDeploymentPostprocessing = 0;
		};
		D0CF35961A2673F7006A9A4B /* Frameworks */ = {
			isa = PBXFrameworksBuildPhase;
			buildActionMask = 2147483647;
			files = (
				D0CF359A1A2673F7006A9A4B /* AuxiliaryFramework.framework in Frameworks */,
			);
			runOnlyForDeploymentPostprocessing = 0;
		};
/* End PBXFrameworksBuildPhase section */

/* Begin PBXGroup section */
		D02BA9951A25959700A814CB /* ReactiveCocoa */ = {
			isa = PBXGroup;
			children = (
				D02BA9961A25959700A814CB /* ReactiveCocoa.h */,
				D02BA9981A25959700A814CB /* ReactiveCocoa.m */,
			);
			path = ReactiveCocoa;
			sourceTree = "<group>";
		};
		D02BA9A21A25959700A814CB /* ReactiveCocoaTests */ = {
			isa = PBXGroup;
			children = (
				D02BA9A31A25959700A814CB /* Supporting Files */,
			);
			path = ReactiveCocoaTests;
			sourceTree = "<group>";
		};
		D02BA9A31A25959700A814CB /* Supporting Files */ = {
			isa = PBXGroup;
			children = (
				D02BA9A41A25959700A814CB /* Info.plist */,
			);
			name = "Supporting Files";
			sourceTree = "<group>";
		};
		D0513918167F106800334374 /* Auto Layout Extensions */ = {
			isa = PBXGroup;
			children = (
				D0513919167F108000334374 /* View+RCLAutoLayoutAdditions.h */,
				D051391A167F108000334374 /* View+RCLAutoLayoutAdditions.m */,
			);
			name = "Auto Layout Extensions";
			sourceTree = "<group>";
		};
		D094E4AE1777661600906BF7 /* Configuration */ = {
			isa = PBXGroup;
			children = (
				D094E4AF1777661600906BF7 /* Base */,
				D094E4B91777661600906BF7 /* iOS */,
				D094E4BD1777661600906BF7 /* Mac OS X */,
				D094E4C31777661600906BF7 /* README.md */,
			);
			name = Configuration;
			path = Carthage/Checkouts/ReactiveCocoa/External/xcconfigs;
			sourceTree = "<group>";
		};
		D094E4AF1777661600906BF7 /* Base */ = {
			isa = PBXGroup;
			children = (
				D094E4B01777661600906BF7 /* Common.xcconfig */,
				D094E4B11777661600906BF7 /* Configurations */,
				D094E4B61777661600906BF7 /* Targets */,
			);
			path = Base;
			sourceTree = "<group>";
		};
		D094E4B11777661600906BF7 /* Configurations */ = {
			isa = PBXGroup;
			children = (
				D094E4B21777661600906BF7 /* Debug.xcconfig */,
				D094E4B31777661600906BF7 /* Profile.xcconfig */,
				D094E4B41777661600906BF7 /* Release.xcconfig */,
				D094E4B51777661600906BF7 /* Test.xcconfig */,
			);
			path = Configurations;
			sourceTree = "<group>";
		};
		D094E4B61777661600906BF7 /* Targets */ = {
			isa = PBXGroup;
			children = (
				D094E4B71777661600906BF7 /* Application.xcconfig */,
				D0731B7519FF01B700C01E16 /* Framework.xcconfig */,
				D094E4B81777661600906BF7 /* StaticLibrary.xcconfig */,
			);
			path = Targets;
			sourceTree = "<group>";
		};
		D094E4B91777661600906BF7 /* iOS */ = {
			isa = PBXGroup;
			children = (
				D094E4BA1777661600906BF7 /* iOS-Application.xcconfig */,
				D094E4BB1777661600906BF7 /* iOS-Base.xcconfig */,
				D0731B7619FF01BC00C01E16 /* iOS-Framework.xcconfig */,
				D094E4BC1777661600906BF7 /* iOS-StaticLibrary.xcconfig */,
			);
			path = iOS;
			sourceTree = "<group>";
		};
		D094E4BD1777661600906BF7 /* Mac OS X */ = {
			isa = PBXGroup;
			children = (
				D094E4BE1777661600906BF7 /* Mac-Application.xcconfig */,
				D094E4BF1777661600906BF7 /* Mac-Base.xcconfig */,
				D094E4C01777661600906BF7 /* Mac-DynamicLibrary.xcconfig */,
				D094E4C11777661600906BF7 /* Mac-Framework.xcconfig */,
				D094E4C21777661600906BF7 /* Mac-StaticLibrary.xcconfig */,
			);
			path = "Mac OS X";
			sourceTree = "<group>";
		};
		D0BB24651678772C005E9371 = {
			isa = PBXGroup;
			children = (
				D0BB247A1678772C005E9371 /* ReactiveCocoaLayout */,
				D0BB24901678772C005E9371 /* ReactiveCocoaLayoutTests */,
				D02BA9951A25959700A814CB /* ReactiveCocoa */,
				D02BA9A21A25959700A814CB /* ReactiveCocoaTests */,
				D0CF35901A2673F6006A9A4B /* AuxiliaryFramework */,
				D0CF359D1A2673F7006A9A4B /* AuxiliaryFrameworkTests */,
				D0BB24731678772C005E9371 /* Frameworks */,
				D094E4AE1777661600906BF7 /* Configuration */,
				D0BB24721678772C005E9371 /* Products */,
			);
			sourceTree = "<group>";
		};
		D0BB24721678772C005E9371 /* Products */ = {
			isa = PBXGroup;
			children = (
				D0BB24711678772C005E9371 /* ReactiveCocoaLayout.framework */,
				D0BB24891678772C005E9371 /* ReactiveCocoaLayout Mac Tests.xctest */,
				D0731B7C19FF028F00C01E16 /* ReactiveCocoaLayout.framework */,
				D0731B8619FF028F00C01E16 /* ReactiveCocoaLayout iOS Tests.xctest */,
				D02BA9941A25959700A814CB /* libReactiveCocoa.a */,
				D02BA99E1A25959700A814CB /* ReactiveCocoaTests.xctest */,
				D0CF358F1A2673F6006A9A4B /* AuxiliaryFramework.framework */,
				D0CF35991A2673F7006A9A4B /* AuxiliaryFrameworkTests.xctest */,
			);
			name = Products;
			sourceTree = "<group>";
		};
		D0BB24731678772C005E9371 /* Frameworks */ = {
			isa = PBXGroup;
			children = (
				D0731BAA19FF04B300C01E16 /* UIKit.framework */,
				D0BB24741678772C005E9371 /* Cocoa.framework */,
				D0BB24771678772C005E9371 /* AppKit.framework */,
				D0BB24791678772C005E9371 /* Foundation.framework */,
			);
			name = Frameworks;
			sourceTree = "<group>";
		};
		D0BB247A1678772C005E9371 /* ReactiveCocoaLayout */ = {
			isa = PBXGroup;
			children = (
				D0BB24811678772C005E9371 /* ReactiveCocoaLayout.h */,
				D0BB262F16788758005E9371 /* Signals */,
				D0C20EED1736393A00115B19 /* Declarative Layouts */,
				D0513918167F106800334374 /* Auto Layout Extensions */,
				D0BB24E6167879E6005E9371 /* AppKit Extensions */,
				D0FD5A951679E758003C3210 /* UIKit Extensions */,
				D0BB247B1678772C005E9371 /* Supporting Files */,
			);
			path = ReactiveCocoaLayout;
			sourceTree = "<group>";
		};
		D0BB247B1678772C005E9371 /* Supporting Files */ = {
			isa = PBXGroup;
			children = (
				D0BB247C1678772C005E9371 /* Info.plist */,
			);
			name = "Supporting Files";
			sourceTree = "<group>";
		};
		D0BB24901678772C005E9371 /* ReactiveCocoaLayoutTests */ = {
			isa = PBXGroup;
			children = (
				D0BB24911678772C005E9371 /* Supporting Files */,
			);
			path = ReactiveCocoaLayoutTests;
			sourceTree = "<group>";
		};
		D0BB24911678772C005E9371 /* Supporting Files */ = {
			isa = PBXGroup;
			children = (
				D0731BBF19FF2A6F00C01E16 /* SwiftSpec.swift */,
				D0513972167F149F00334374 /* TestView.h */,
				D0513973167F149F00334374 /* TestView.m */,
				D0BB24921678772C005E9371 /* Info.plist */,
			);
			name = "Supporting Files";
			sourceTree = "<group>";
		};
		D0BB24E6167879E6005E9371 /* AppKit Extensions */ = {
			isa = PBXGroup;
			children = (
				D096C51616917BA60071C6D6 /* NSCell+RCLGeometryAdditions.h */,
				D096C51716917BA60071C6D6 /* NSCell+RCLGeometryAdditions.m */,
				D096C4ED16917B140071C6D6 /* NSControl+RCLGeometryAdditions.h */,
				D096C4EE16917B140071C6D6 /* NSControl+RCLGeometryAdditions.m */,
				D0BB25DE1678847A005E9371 /* NSView+RCLGeometryAdditions.h */,
				D0BB25DF1678847A005E9371 /* NSView+RCLGeometryAdditions.m */,
			);
			name = "AppKit Extensions";
			sourceTree = "<group>";
		};
		D0BB262F16788758005E9371 /* Signals */ = {
			isa = PBXGroup;
			children = (
				D037FEF21696ED02002D0CBA /* RACSignal+RCLAnimationAdditions.h */,
				D037FEF31696ED02002D0CBA /* RACSignal+RCLAnimationAdditions.m */,
				D0BB2630167887C3005E9371 /* RACSignal+RCLGeometryAdditions.h */,
				D0BB2631167887C3005E9371 /* RACSignal+RCLGeometryAdditions.m */,
				D0ED89F216814D800041A188 /* RACSignal+RCLWritingDirectionAdditions.h */,
				D0ED89F316814D800041A188 /* RACSignal+RCLWritingDirectionAdditions.m */,
			);
			name = Signals;
			sourceTree = "<group>";
		};
		D0C20EED1736393A00115B19 /* Declarative Layouts */ = {
			isa = PBXGroup;
			children = (
				D0C20EF41736398700115B19 /* RCLMacros.h */,
				D0C20EF717363A6500115B19 /* RCLMacros.m */,
			);
			name = "Declarative Layouts";
			sourceTree = "<group>";
		};
		D0CF35901A2673F6006A9A4B /* AuxiliaryFramework */ = {
			isa = PBXGroup;
			children = (
				D0CF35931A2673F7006A9A4B /* AuxiliaryFramework.h */,
				D0CF35911A2673F7006A9A4B /* Supporting Files */,
			);
			path = AuxiliaryFramework;
			sourceTree = "<group>";
		};
		D0CF35911A2673F7006A9A4B /* Supporting Files */ = {
			isa = PBXGroup;
			children = (
				D0CF35921A2673F7006A9A4B /* Info.plist */,
			);
			name = "Supporting Files";
			sourceTree = "<group>";
		};
		D0CF359D1A2673F7006A9A4B /* AuxiliaryFrameworkTests */ = {
			isa = PBXGroup;
			children = (
				D0CF35A01A2673F7006A9A4B /* AuxiliaryFrameworkTests.m */,
				D0CF359E1A2673F7006A9A4B /* Supporting Files */,
			);
			path = AuxiliaryFrameworkTests;
			sourceTree = "<group>";
		};
		D0CF359E1A2673F7006A9A4B /* Supporting Files */ = {
			isa = PBXGroup;
			children = (
				D0CF359F1A2673F7006A9A4B /* Info.plist */,
			);
			name = "Supporting Files";
			sourceTree = "<group>";
		};
		D0FD5A951679E758003C3210 /* UIKit Extensions */ = {
			isa = PBXGroup;
			children = (
				D0FD5A961679E7AF003C3210 /* UIView+RCLGeometryAdditions.h */,
				D0FD5A971679E7AF003C3210 /* UIView+RCLGeometryAdditions.m */,
			);
			name = "UIKit Extensions";
			sourceTree = "<group>";
		};
/* End PBXGroup section */

/* Begin PBXHeadersBuildPhase section */
		D02BA9921A25959700A814CB /* Headers */ = {
			isa = PBXHeadersBuildPhase;
			buildActionMask = 2147483647;
			files = (
				D02BA9971A25959700A814CB /* ReactiveCocoa.h in Headers */,
			);
			runOnlyForDeploymentPostprocessing = 0;
		};
		D0731B7919FF028F00C01E16 /* Headers */ = {
			isa = PBXHeadersBuildPhase;
			buildActionMask = 2147483647;
			files = (
				D0731B9C19FF03B600C01E16 /* RACSignal+RCLGeometryAdditions.h in Headers */,
				D0731BA019FF03B600C01E16 /* RCLMacros.h in Headers */,
				D0731B9A19FF03B600C01E16 /* RACSignal+RCLAnimationAdditions.h in Headers */,
				D0731B9E19FF03B600C01E16 /* RACSignal+RCLWritingDirectionAdditions.h in Headers */,
				D0731BA219FF03B600C01E16 /* View+RCLAutoLayoutAdditions.h in Headers */,
				D0731BA419FF03B600C01E16 /* UIView+RCLGeometryAdditions.h in Headers */,
				D0731B9919FF034700C01E16 /* ReactiveCocoaLayout.h in Headers */,
			);
			runOnlyForDeploymentPostprocessing = 0;
		};
		D0BB246E1678772C005E9371 /* Headers */ = {
			isa = PBXHeadersBuildPhase;
			buildActionMask = 2147483647;
			files = (
				D0BB24DD167879A3005E9371 /* ReactiveCocoaLayout.h in Headers */,
				D0BB25E01678847A005E9371 /* NSView+RCLGeometryAdditions.h in Headers */,
				D0BB2632167887C3005E9371 /* RACSignal+RCLGeometryAdditions.h in Headers */,
				D051391B167F108000334374 /* View+RCLAutoLayoutAdditions.h in Headers */,
				D0ED89F416814D800041A188 /* RACSignal+RCLWritingDirectionAdditions.h in Headers */,
				D096C4EF16917B140071C6D6 /* NSControl+RCLGeometryAdditions.h in Headers */,
				D096C51816917BA60071C6D6 /* NSCell+RCLGeometryAdditions.h in Headers */,
				D037FEF41696ED02002D0CBA /* RACSignal+RCLAnimationAdditions.h in Headers */,
				D0C20EF51736398700115B19 /* RCLMacros.h in Headers */,
			);
			runOnlyForDeploymentPostprocessing = 0;
		};
		D0CF358C1A2673F6006A9A4B /* Headers */ = {
			isa = PBXHeadersBuildPhase;
			buildActionMask = 2147483647;
			files = (
				D0CF35941A2673F7006A9A4B /* AuxiliaryFramework.h in Headers */,
			);
			runOnlyForDeploymentPostprocessing = 0;
		};
/* End PBXHeadersBuildPhase section */

/* Begin PBXNativeTarget section */
		D02BA9931A25959700A814CB /* ReactiveCocoa */ = {
			isa = PBXNativeTarget;
			buildConfigurationList = D02BA9AD1A25959700A814CB /* Build configuration list for PBXNativeTarget "ReactiveCocoa" */;
			buildPhases = (
				D02BA9901A25959700A814CB /* Sources */,
				D02BA9911A25959700A814CB /* Frameworks */,
				D02BA9921A25959700A814CB /* Headers */,
			);
			buildRules = (
			);
			dependencies = (
			);
			name = ReactiveCocoa;
			productName = ReactiveCocoa;
			productReference = D02BA9941A25959700A814CB /* libReactiveCocoa.a */;
			productType = "com.apple.product-type.library.static";
		};
		D02BA99D1A25959700A814CB /* ReactiveCocoaTests */ = {
			isa = PBXNativeTarget;
			buildConfigurationList = D02BA9AE1A25959700A814CB /* Build configuration list for PBXNativeTarget "ReactiveCocoaTests" */;
			buildPhases = (
				D02BA99A1A25959700A814CB /* Sources */,
				D02BA99B1A25959700A814CB /* Frameworks */,
				D02BA99C1A25959700A814CB /* Resources */,
			);
			buildRules = (
			);
			dependencies = (
				D02BA9A11A25959700A814CB /* PBXTargetDependency */,
			);
			name = ReactiveCocoaTests;
			productName = ReactiveCocoaTests;
			productReference = D02BA99E1A25959700A814CB /* ReactiveCocoaTests.xctest */;
			productType = "com.apple.product-type.bundle.unit-test";
		};
		D0731B7B19FF028F00C01E16 /* ReactiveCocoaLayout iOS */ = {
			isa = PBXNativeTarget;
			buildConfigurationList = D0731B8F19FF028F00C01E16 /* Build configuration list for PBXNativeTarget "ReactiveCocoaLayout iOS" */;
			buildPhases = (
				D0731B7719FF028F00C01E16 /* Sources */,
				D0731B7819FF028F00C01E16 /* Frameworks */,
				D0731B7919FF028F00C01E16 /* Headers */,
				D0731B7A19FF028F00C01E16 /* Resources */,
			);
			buildRules = (
			);
			dependencies = (
			);
			name = "ReactiveCocoaLayout iOS";
			productName = ReactiveCocoaLayout;
			productReference = D0731B7C19FF028F00C01E16 /* ReactiveCocoaLayout.framework */;
			productType = "com.apple.product-type.framework";
		};
		D0731B8519FF028F00C01E16 /* ReactiveCocoaLayout iOS Tests */ = {
			isa = PBXNativeTarget;
			buildConfigurationList = D0731B9419FF028F00C01E16 /* Build configuration list for PBXNativeTarget "ReactiveCocoaLayout iOS Tests" */;
			buildPhases = (
				D0731B8219FF028F00C01E16 /* Sources */,
				D0731B8319FF028F00C01E16 /* Frameworks */,
				D0731B8419FF028F00C01E16 /* Resources */,
				D0731BBA19FF05DB00C01E16 /* Copy Frameworks */,
			);
			buildRules = (
			);
			dependencies = (
				D0731B8919FF028F00C01E16 /* PBXTargetDependency */,
			);
			name = "ReactiveCocoaLayout iOS Tests";
			productName = ReactiveCocoaLayoutTests;
			productReference = D0731B8619FF028F00C01E16 /* ReactiveCocoaLayout iOS Tests.xctest */;
			productType = "com.apple.product-type.bundle.unit-test";
		};
		D0BB24701678772C005E9371 /* ReactiveCocoaLayout Mac */ = {
			isa = PBXNativeTarget;
			buildConfigurationList = D0BB249B1678772C005E9371 /* Build configuration list for PBXNativeTarget "ReactiveCocoaLayout Mac" */;
			buildPhases = (
				D0BB246C1678772C005E9371 /* Sources */,
				D0BB246D1678772C005E9371 /* Frameworks */,
				D0BB246E1678772C005E9371 /* Headers */,
				D0BB246F1678772C005E9371 /* Resources */,
			);
			buildRules = (
			);
			dependencies = (
			);
			name = "ReactiveCocoaLayout Mac";
			productName = ReactiveCocoaLayout;
			productReference = D0BB24711678772C005E9371 /* ReactiveCocoaLayout.framework */;
			productType = "com.apple.product-type.framework";
		};
		D0BB24881678772C005E9371 /* ReactiveCocoaLayout Mac Tests */ = {
			isa = PBXNativeTarget;
			buildConfigurationList = D0BB249E1678772C005E9371 /* Build configuration list for PBXNativeTarget "ReactiveCocoaLayout Mac Tests" */;
			buildPhases = (
				D0BB24841678772C005E9371 /* Sources */,
				D0BB24851678772C005E9371 /* Frameworks */,
				D0BB24861678772C005E9371 /* Resources */,
				D0BB24871678772C005E9371 /* ShellScript */,
			);
			buildRules = (
			);
			dependencies = (
				D0BB248E1678772C005E9371 /* PBXTargetDependency */,
			);
			name = "ReactiveCocoaLayout Mac Tests";
			productName = ReactiveCocoaLayoutTests;
			productReference = D0BB24891678772C005E9371 /* ReactiveCocoaLayout Mac Tests.xctest */;
			productType = "com.apple.product-type.bundle.unit-test";
		};
		D0CF358E1A2673F6006A9A4B /* AuxiliaryFramework */ = {
			isa = PBXNativeTarget;
			buildConfigurationList = D0CF35AA1A2673F7006A9A4B /* Build configuration list for PBXNativeTarget "AuxiliaryFramework" */;
			buildPhases = (
				D0CF358A1A2673F6006A9A4B /* Sources */,
				D0CF358B1A2673F6006A9A4B /* Frameworks */,
				D0CF358C1A2673F6006A9A4B /* Headers */,
				D0CF358D1A2673F6006A9A4B /* Resources */,
			);
			buildRules = (
			);
			dependencies = (
			);
			name = AuxiliaryFramework;
			productName = AuxiliaryFramework;
			productReference = D0CF358F1A2673F6006A9A4B /* AuxiliaryFramework.framework */;
			productType = "com.apple.product-type.framework";
		};
		D0CF35981A2673F7006A9A4B /* AuxiliaryFrameworkTests */ = {
			isa = PBXNativeTarget;
			buildConfigurationList = D0CF35AB1A2673F7006A9A4B /* Build configuration list for PBXNativeTarget "AuxiliaryFrameworkTests" */;
			buildPhases = (
				D0CF35951A2673F7006A9A4B /* Sources */,
				D0CF35961A2673F7006A9A4B /* Frameworks */,
				D0CF35971A2673F7006A9A4B /* Resources */,
			);
			buildRules = (
			);
			dependencies = (
				D0CF359C1A2673F7006A9A4B /* PBXTargetDependency */,
			);
			name = AuxiliaryFrameworkTests;
			productName = AuxiliaryFrameworkTests;
			productReference = D0CF35991A2673F7006A9A4B /* AuxiliaryFrameworkTests.xctest */;
			productType = "com.apple.product-type.bundle.unit-test";
		};
/* End PBXNativeTarget section */

/* Begin PBXProject section */
		D0BB24671678772C005E9371 /* Project object */ = {
			isa = PBXProject;
			attributes = {
				LastTestingUpgradeCheck = 0510;
				LastUpgradeCheck = 0510;
				ORGANIZATIONNAME = GitHub;
				TargetAttributes = {
					D02BA9931A25959700A814CB = {
						CreatedOnToolsVersion = 6.1.1;
					};
					D02BA99D1A25959700A814CB = {
						CreatedOnToolsVersion = 6.1.1;
					};
					D0731B7B19FF028F00C01E16 = {
						CreatedOnToolsVersion = 6.1;
					};
					D0731B8519FF028F00C01E16 = {
						CreatedOnToolsVersion = 6.1;
					};
					D0CF358E1A2673F6006A9A4B = {
						CreatedOnToolsVersion = 6.1.1;
					};
					D0CF35981A2673F7006A9A4B = {
						CreatedOnToolsVersion = 6.1.1;
					};
				};
			};
			buildConfigurationList = D0BB246A1678772C005E9371 /* Build configuration list for PBXProject "ReactiveCocoaLayout" */;
			compatibilityVersion = "Xcode 3.2";
			developmentRegion = English;
			hasScannedForEncodings = 0;
			knownRegions = (
				en,
			);
			mainGroup = D0BB24651678772C005E9371;
			productRefGroup = D0BB24721678772C005E9371 /* Products */;
			projectDirPath = "";
			projectRoot = "";
			targets = (
				D0BB24701678772C005E9371 /* ReactiveCocoaLayout Mac */,
				D0BB24881678772C005E9371 /* ReactiveCocoaLayout Mac Tests */,
				D0731B7B19FF028F00C01E16 /* ReactiveCocoaLayout iOS */,
				D0731B8519FF028F00C01E16 /* ReactiveCocoaLayout iOS Tests */,
				D02BA9931A25959700A814CB /* ReactiveCocoa */,
				D02BA99D1A25959700A814CB /* ReactiveCocoaTests */,
				D0CF358E1A2673F6006A9A4B /* AuxiliaryFramework */,
				D0CF35981A2673F7006A9A4B /* AuxiliaryFrameworkTests */,
			);
		};
/* End PBXProject section */

/* Begin PBXResourcesBuildPhase section */
		D02BA99C1A25959700A814CB /* Resources */ = {
			isa = PBXResourcesBuildPhase;
			buildActionMask = 2147483647;
			files = (
			);
			runOnlyForDeploymentPostprocessing = 0;
		};
		D0731B7A19FF028F00C01E16 /* Resources */ = {
			isa = PBXResourcesBuildPhase;
			buildActionMask = 2147483647;
			files = (
			);
			runOnlyForDeploymentPostprocessing = 0;
		};
		D0731B8419FF028F00C01E16 /* Resources */ = {
			isa = PBXResourcesBuildPhase;
			buildActionMask = 2147483647;
			files = (
			);
			runOnlyForDeploymentPostprocessing = 0;
		};
		D0BB246F1678772C005E9371 /* Resources */ = {
			isa = PBXResourcesBuildPhase;
			buildActionMask = 2147483647;
			files = (
			);
			runOnlyForDeploymentPostprocessing = 0;
		};
		D0BB24861678772C005E9371 /* Resources */ = {
			isa = PBXResourcesBuildPhase;
			buildActionMask = 2147483647;
			files = (
			);
			runOnlyForDeploymentPostprocessing = 0;
		};
		D0CF358D1A2673F6006A9A4B /* Resources */ = {
			isa = PBXResourcesBuildPhase;
			buildActionMask = 2147483647;
			files = (
			);
			runOnlyForDeploymentPostprocessing = 0;
		};
		D0CF35971A2673F7006A9A4B /* Resources */ = {
			isa = PBXResourcesBuildPhase;
			buildActionMask = 2147483647;
			files = (
			);
			runOnlyForDeploymentPostprocessing = 0;
		};
/* End PBXResourcesBuildPhase section */

/* Begin PBXShellScriptBuildPhase section */
		D0BB24871678772C005E9371 /* ShellScript */ = {
			isa = PBXShellScriptBuildPhase;
			buildActionMask = 2147483647;
			files = (
			);
			inputPaths = (
			);
			outputPaths = (
			);
			runOnlyForDeploymentPostprocessing = 0;
			shellPath = /bin/sh;
			shellScript = "# Run the unit tests in this test bundle.\n\"${SYSTEM_DEVELOPER_DIR}/Tools/RunUnitTests\"\n";
		};
/* End PBXShellScriptBuildPhase section */

/* Begin PBXSourcesBuildPhase section */
		D02BA9901A25959700A814CB /* Sources */ = {
			isa = PBXSourcesBuildPhase;
			buildActionMask = 2147483647;
			files = (
				D02BA9991A25959700A814CB /* ReactiveCocoa.m in Sources */,
				D02BA9AF1A2595A600A814CB /* RACSignal+RCLAnimationAdditions.m in Sources */,
			);
			runOnlyForDeploymentPostprocessing = 0;
		};
		D02BA99A1A25959700A814CB /* Sources */ = {
			isa = PBXSourcesBuildPhase;
			buildActionMask = 2147483647;
			files = (
			);
			runOnlyForDeploymentPostprocessing = 0;
		};
		D0731B7719FF028F00C01E16 /* Sources */ = {
			isa = PBXSourcesBuildPhase;
			buildActionMask = 2147483647;
			files = (
				D0731BA519FF03B600C01E16 /* UIView+RCLGeometryAdditions.m in Sources */,
				D0731BA319FF03B600C01E16 /* View+RCLAutoLayoutAdditions.m in Sources */,
				D0731BA119FF03B600C01E16 /* RCLMacros.m in Sources */,
				D0731B9D19FF03B600C01E16 /* RACSignal+RCLGeometryAdditions.m in Sources */,
				D0731B9F19FF03B600C01E16 /* RACSignal+RCLWritingDirectionAdditions.m in Sources */,
				D0731B9B19FF03B600C01E16 /* RACSignal+RCLAnimationAdditions.m in Sources */,
			);
			runOnlyForDeploymentPostprocessing = 0;
		};
		D0731B8219FF028F00C01E16 /* Sources */ = {
			isa = PBXSourcesBuildPhase;
			buildActionMask = 2147483647;
			files = (
				D0DF007919FF497300698F57 /* TestView.m in Sources */,
				D0731BC119FF2A6F00C01E16 /* SwiftSpec.swift in Sources */,
			);
			runOnlyForDeploymentPostprocessing = 0;
		};
		D0BB246C1678772C005E9371 /* Sources */ = {
			isa = PBXSourcesBuildPhase;
			buildActionMask = 2147483647;
			files = (
				D0BB25E11678847A005E9371 /* NSView+RCLGeometryAdditions.m in Sources */,
				D0BB2633167887C3005E9371 /* RACSignal+RCLGeometryAdditions.m in Sources */,
				D051391C167F108000334374 /* View+RCLAutoLayoutAdditions.m in Sources */,
				D0ED89F516814D800041A188 /* RACSignal+RCLWritingDirectionAdditions.m in Sources */,
				D096C4F016917B140071C6D6 /* NSControl+RCLGeometryAdditions.m in Sources */,
				D096C51916917BA60071C6D6 /* NSCell+RCLGeometryAdditions.m in Sources */,
				D037FEF51696ED02002D0CBA /* RACSignal+RCLAnimationAdditions.m in Sources */,
				D0C20EF817363A6500115B19 /* RCLMacros.m in Sources */,
			);
			runOnlyForDeploymentPostprocessing = 0;
		};
		D0BB24841678772C005E9371 /* Sources */ = {
			isa = PBXSourcesBuildPhase;
			buildActionMask = 2147483647;
			files = (
				D0513974167F149F00334374 /* TestView.m in Sources */,
				D0731BC019FF2A6F00C01E16 /* SwiftSpec.swift in Sources */,
			);
			runOnlyForDeploymentPostprocessing = 0;
		};
		D0CF358A1A2673F6006A9A4B /* Sources */ = {
			isa = PBXSourcesBuildPhase;
			buildActionMask = 2147483647;
			files = (
			);
			runOnlyForDeploymentPostprocessing = 0;
		};
		D0CF35951A2673F7006A9A4B /* Sources */ = {
			isa = PBXSourcesBuildPhase;
			buildActionMask = 2147483647;
			files = (
				D0CF35A11A2673F7006A9A4B /* AuxiliaryFrameworkTests.m in Sources */,
			);
			runOnlyForDeploymentPostprocessing = 0;
		};
/* End PBXSourcesBuildPhase section */

/* Begin PBXTargetDependency section */
		D02BA9A11A25959700A814CB /* PBXTargetDependency */ = {
			isa = PBXTargetDependency;
			target = D02BA9931A25959700A814CB /* ReactiveCocoa */;
			targetProxy = D02BA9A01A25959700A814CB /* PBXContainerItemProxy */;
		};
		D0731B8919FF028F00C01E16 /* PBXTargetDependency */ = {
			isa = PBXTargetDependency;
			target = D0731B7B19FF028F00C01E16 /* ReactiveCocoaLayout iOS */;
			targetProxy = D0731B8819FF028F00C01E16 /* PBXContainerItemProxy */;
		};
		D0BB248E1678772C005E9371 /* PBXTargetDependency */ = {
			isa = PBXTargetDependency;
			target = D0BB24701678772C005E9371 /* ReactiveCocoaLayout Mac */;
			targetProxy = D0BB248D1678772C005E9371 /* PBXContainerItemProxy */;
		};
		D0CF359C1A2673F7006A9A4B /* PBXTargetDependency */ = {
			isa = PBXTargetDependency;
			target = D0CF358E1A2673F6006A9A4B /* AuxiliaryFramework */;
			targetProxy = D0CF359B1A2673F7006A9A4B /* PBXContainerItemProxy */;
		};
/* End PBXTargetDependency section */

/* Begin XCBuildConfiguration section */
		D02BA9A51A25959700A814CB /* Debug */ = {
			isa = XCBuildConfiguration;
			buildSettings = {
				ALWAYS_SEARCH_USER_PATHS = NO;
				CLANG_CXX_LANGUAGE_STANDARD = "gnu++0x";
				CLANG_CXX_LIBRARY = "libc++";
				CLANG_ENABLE_MODULES = YES;
				CLANG_ENABLE_OBJC_ARC = YES;
				CLANG_WARN_BOOL_CONVERSION = YES;
				CLANG_WARN_CONSTANT_CONVERSION = YES;
				CLANG_WARN_DIRECT_OBJC_ISA_USAGE = YES_ERROR;
				CLANG_WARN_EMPTY_BODY = YES;
				CLANG_WARN_ENUM_CONVERSION = YES;
				CLANG_WARN_INT_CONVERSION = YES;
				CLANG_WARN_OBJC_ROOT_CLASS = YES_ERROR;
				CLANG_WARN_UNREACHABLE_CODE = YES;
				CLANG_WARN__DUPLICATE_METHOD_MATCH = YES;
				COPY_PHASE_STRIP = NO;
				ENABLE_STRICT_OBJC_MSGSEND = YES;
				EXECUTABLE_PREFIX = lib;
				GCC_C_LANGUAGE_STANDARD = gnu99;
				GCC_DYNAMIC_NO_PIC = NO;
				GCC_OPTIMIZATION_LEVEL = 0;
				GCC_PREPROCESSOR_DEFINITIONS = (
					"DEBUG=1",
					"$(inherited)",
				);
				GCC_SYMBOLS_PRIVATE_EXTERN = NO;
				GCC_WARN_64_TO_32_BIT_CONVERSION = YES;
				GCC_WARN_ABOUT_RETURN_TYPE = YES_ERROR;
				GCC_WARN_UNDECLARED_SELECTOR = YES;
				GCC_WARN_UNINITIALIZED_AUTOS = YES_AGGRESSIVE;
				GCC_WARN_UNUSED_FUNCTION = YES;
				GCC_WARN_UNUSED_VARIABLE = YES;
				MACOSX_DEPLOYMENT_TARGET = 10.10;
				MTL_ENABLE_DEBUG_INFO = YES;
				ONLY_ACTIVE_ARCH = YES;
				PRODUCT_NAME = "$(TARGET_NAME)";
				SDKROOT = macosx;
			};
			name = Debug;
		};
		D02BA9A61A25959700A814CB /* Test */ = {
			isa = XCBuildConfiguration;
			buildSettings = {
				ALWAYS_SEARCH_USER_PATHS = NO;
				CLANG_CXX_LANGUAGE_STANDARD = "gnu++0x";
				CLANG_CXX_LIBRARY = "libc++";
				CLANG_ENABLE_MODULES = YES;
				CLANG_ENABLE_OBJC_ARC = YES;
				CLANG_WARN_BOOL_CONVERSION = YES;
				CLANG_WARN_CONSTANT_CONVERSION = YES;
				CLANG_WARN_DIRECT_OBJC_ISA_USAGE = YES_ERROR;
				CLANG_WARN_EMPTY_BODY = YES;
				CLANG_WARN_ENUM_CONVERSION = YES;
				CLANG_WARN_INT_CONVERSION = YES;
				CLANG_WARN_OBJC_ROOT_CLASS = YES_ERROR;
				CLANG_WARN_UNREACHABLE_CODE = YES;
				CLANG_WARN__DUPLICATE_METHOD_MATCH = YES;
				COPY_PHASE_STRIP = YES;
				DEBUG_INFORMATION_FORMAT = "dwarf-with-dsym";
				ENABLE_NS_ASSERTIONS = NO;
				ENABLE_STRICT_OBJC_MSGSEND = YES;
				EXECUTABLE_PREFIX = lib;
				GCC_C_LANGUAGE_STANDARD = gnu99;
				GCC_WARN_64_TO_32_BIT_CONVERSION = YES;
				GCC_WARN_ABOUT_RETURN_TYPE = YES_ERROR;
				GCC_WARN_UNDECLARED_SELECTOR = YES;
				GCC_WARN_UNINITIALIZED_AUTOS = YES_AGGRESSIVE;
				GCC_WARN_UNUSED_FUNCTION = YES;
				GCC_WARN_UNUSED_VARIABLE = YES;
				MACOSX_DEPLOYMENT_TARGET = 10.10;
				MTL_ENABLE_DEBUG_INFO = NO;
				PRODUCT_NAME = "$(TARGET_NAME)";
				SDKROOT = macosx;
			};
			name = Test;
		};
		D02BA9A71A25959700A814CB /* Release */ = {
			isa = XCBuildConfiguration;
			buildSettings = {
				ALWAYS_SEARCH_USER_PATHS = NO;
				CLANG_CXX_LANGUAGE_STANDARD = "gnu++0x";
				CLANG_CXX_LIBRARY = "libc++";
				CLANG_ENABLE_MODULES = YES;
				CLANG_ENABLE_OBJC_ARC = YES;
				CLANG_WARN_BOOL_CONVERSION = YES;
				CLANG_WARN_CONSTANT_CONVERSION = YES;
				CLANG_WARN_DIRECT_OBJC_ISA_USAGE = YES_ERROR;
				CLANG_WARN_EMPTY_BODY = YES;
				CLANG_WARN_ENUM_CONVERSION = YES;
				CLANG_WARN_INT_CONVERSION = YES;
				CLANG_WARN_OBJC_ROOT_CLASS = YES_ERROR;
				CLANG_WARN_UNREACHABLE_CODE = YES;
				CLANG_WARN__DUPLICATE_METHOD_MATCH = YES;
				COPY_PHASE_STRIP = YES;
				DEBUG_INFORMATION_FORMAT = "dwarf-with-dsym";
				ENABLE_NS_ASSERTIONS = NO;
				ENABLE_STRICT_OBJC_MSGSEND = YES;
				EXECUTABLE_PREFIX = lib;
				GCC_C_LANGUAGE_STANDARD = gnu99;
				GCC_WARN_64_TO_32_BIT_CONVERSION = YES;
				GCC_WARN_ABOUT_RETURN_TYPE = YES_ERROR;
				GCC_WARN_UNDECLARED_SELECTOR = YES;
				GCC_WARN_UNINITIALIZED_AUTOS = YES_AGGRESSIVE;
				GCC_WARN_UNUSED_FUNCTION = YES;
				GCC_WARN_UNUSED_VARIABLE = YES;
				MACOSX_DEPLOYMENT_TARGET = 10.10;
				MTL_ENABLE_DEBUG_INFO = NO;
				PRODUCT_NAME = "$(TARGET_NAME)";
				SDKROOT = macosx;
			};
			name = Release;
		};
		D02BA9A81A25959700A814CB /* Profile */ = {
			isa = XCBuildConfiguration;
			buildSettings = {
				ALWAYS_SEARCH_USER_PATHS = NO;
				CLANG_CXX_LANGUAGE_STANDARD = "gnu++0x";
				CLANG_CXX_LIBRARY = "libc++";
				CLANG_ENABLE_MODULES = YES;
				CLANG_ENABLE_OBJC_ARC = YES;
				CLANG_WARN_BOOL_CONVERSION = YES;
				CLANG_WARN_CONSTANT_CONVERSION = YES;
				CLANG_WARN_DIRECT_OBJC_ISA_USAGE = YES_ERROR;
				CLANG_WARN_EMPTY_BODY = YES;
				CLANG_WARN_ENUM_CONVERSION = YES;
				CLANG_WARN_INT_CONVERSION = YES;
				CLANG_WARN_OBJC_ROOT_CLASS = YES_ERROR;
				CLANG_WARN_UNREACHABLE_CODE = YES;
				CLANG_WARN__DUPLICATE_METHOD_MATCH = YES;
				COPY_PHASE_STRIP = YES;
				DEBUG_INFORMATION_FORMAT = "dwarf-with-dsym";
				ENABLE_NS_ASSERTIONS = NO;
				ENABLE_STRICT_OBJC_MSGSEND = YES;
				EXECUTABLE_PREFIX = lib;
				GCC_C_LANGUAGE_STANDARD = gnu99;
				GCC_WARN_64_TO_32_BIT_CONVERSION = YES;
				GCC_WARN_ABOUT_RETURN_TYPE = YES_ERROR;
				GCC_WARN_UNDECLARED_SELECTOR = YES;
				GCC_WARN_UNINITIALIZED_AUTOS = YES_AGGRESSIVE;
				GCC_WARN_UNUSED_FUNCTION = YES;
				GCC_WARN_UNUSED_VARIABLE = YES;
				MACOSX_DEPLOYMENT_TARGET = 10.10;
				MTL_ENABLE_DEBUG_INFO = NO;
				PRODUCT_NAME = "$(TARGET_NAME)";
				SDKROOT = macosx;
			};
			name = Profile;
		};
		D02BA9A91A25959700A814CB /* Debug */ = {
			isa = XCBuildConfiguration;
			buildSettings = {
				ALWAYS_SEARCH_USER_PATHS = NO;
				CLANG_CXX_LANGUAGE_STANDARD = "gnu++0x";
				CLANG_CXX_LIBRARY = "libc++";
				CLANG_ENABLE_MODULES = YES;
				CLANG_ENABLE_OBJC_ARC = YES;
				CLANG_WARN_BOOL_CONVERSION = YES;
				CLANG_WARN_CONSTANT_CONVERSION = YES;
				CLANG_WARN_DIRECT_OBJC_ISA_USAGE = YES_ERROR;
				CLANG_WARN_EMPTY_BODY = YES;
				CLANG_WARN_ENUM_CONVERSION = YES;
				CLANG_WARN_INT_CONVERSION = YES;
				CLANG_WARN_OBJC_ROOT_CLASS = YES_ERROR;
				CLANG_WARN_UNREACHABLE_CODE = YES;
				CLANG_WARN__DUPLICATE_METHOD_MATCH = YES;
				COMBINE_HIDPI_IMAGES = YES;
				COPY_PHASE_STRIP = NO;
				ENABLE_STRICT_OBJC_MSGSEND = YES;
				FRAMEWORK_SEARCH_PATHS = (
					"$(DEVELOPER_FRAMEWORKS_DIR)",
					"$(inherited)",
				);
				GCC_C_LANGUAGE_STANDARD = gnu99;
				GCC_DYNAMIC_NO_PIC = NO;
				GCC_OPTIMIZATION_LEVEL = 0;
				GCC_PREPROCESSOR_DEFINITIONS = (
					"DEBUG=1",
					"$(inherited)",
				);
				GCC_SYMBOLS_PRIVATE_EXTERN = NO;
				GCC_WARN_64_TO_32_BIT_CONVERSION = YES;
				GCC_WARN_ABOUT_RETURN_TYPE = YES_ERROR;
				GCC_WARN_UNDECLARED_SELECTOR = YES;
				GCC_WARN_UNINITIALIZED_AUTOS = YES_AGGRESSIVE;
				GCC_WARN_UNUSED_FUNCTION = YES;
				GCC_WARN_UNUSED_VARIABLE = YES;
				INFOPLIST_FILE = ReactiveCocoaTests/Info.plist;
				LD_RUNPATH_SEARCH_PATHS = "$(inherited) @executable_path/../Frameworks @loader_path/../Frameworks";
				MACOSX_DEPLOYMENT_TARGET = 10.10;
				MTL_ENABLE_DEBUG_INFO = YES;
				ONLY_ACTIVE_ARCH = YES;
				PRODUCT_NAME = "$(TARGET_NAME)";
				SDKROOT = macosx;
			};
			name = Debug;
		};
		D02BA9AA1A25959700A814CB /* Test */ = {
			isa = XCBuildConfiguration;
			buildSettings = {
				ALWAYS_SEARCH_USER_PATHS = NO;
				CLANG_CXX_LANGUAGE_STANDARD = "gnu++0x";
				CLANG_CXX_LIBRARY = "libc++";
				CLANG_ENABLE_MODULES = YES;
				CLANG_ENABLE_OBJC_ARC = YES;
				CLANG_WARN_BOOL_CONVERSION = YES;
				CLANG_WARN_CONSTANT_CONVERSION = YES;
				CLANG_WARN_DIRECT_OBJC_ISA_USAGE = YES_ERROR;
				CLANG_WARN_EMPTY_BODY = YES;
				CLANG_WARN_ENUM_CONVERSION = YES;
				CLANG_WARN_INT_CONVERSION = YES;
				CLANG_WARN_OBJC_ROOT_CLASS = YES_ERROR;
				CLANG_WARN_UNREACHABLE_CODE = YES;
				CLANG_WARN__DUPLICATE_METHOD_MATCH = YES;
				COMBINE_HIDPI_IMAGES = YES;
				COPY_PHASE_STRIP = YES;
				DEBUG_INFORMATION_FORMAT = "dwarf-with-dsym";
				ENABLE_NS_ASSERTIONS = NO;
				ENABLE_STRICT_OBJC_MSGSEND = YES;
				FRAMEWORK_SEARCH_PATHS = (
					"$(DEVELOPER_FRAMEWORKS_DIR)",
					"$(inherited)",
				);
				GCC_C_LANGUAGE_STANDARD = gnu99;
				GCC_WARN_64_TO_32_BIT_CONVERSION = YES;
				GCC_WARN_ABOUT_RETURN_TYPE = YES_ERROR;
				GCC_WARN_UNDECLARED_SELECTOR = YES;
				GCC_WARN_UNINITIALIZED_AUTOS = YES_AGGRESSIVE;
				GCC_WARN_UNUSED_FUNCTION = YES;
				GCC_WARN_UNUSED_VARIABLE = YES;
				INFOPLIST_FILE = ReactiveCocoaTests/Info.plist;
				LD_RUNPATH_SEARCH_PATHS = "$(inherited) @executable_path/../Frameworks @loader_path/../Frameworks";
				MACOSX_DEPLOYMENT_TARGET = 10.10;
				MTL_ENABLE_DEBUG_INFO = NO;
				PRODUCT_NAME = "$(TARGET_NAME)";
				SDKROOT = macosx;
			};
			name = Test;
		};
		D02BA9AB1A25959700A814CB /* Release */ = {
			isa = XCBuildConfiguration;
			buildSettings = {
				ALWAYS_SEARCH_USER_PATHS = NO;
				CLANG_CXX_LANGUAGE_STANDARD = "gnu++0x";
				CLANG_CXX_LIBRARY = "libc++";
				CLANG_ENABLE_MODULES = YES;
				CLANG_ENABLE_OBJC_ARC = YES;
				CLANG_WARN_BOOL_CONVERSION = YES;
				CLANG_WARN_CONSTANT_CONVERSION = YES;
				CLANG_WARN_DIRECT_OBJC_ISA_USAGE = YES_ERROR;
				CLANG_WARN_EMPTY_BODY = YES;
				CLANG_WARN_ENUM_CONVERSION = YES;
				CLANG_WARN_INT_CONVERSION = YES;
				CLANG_WARN_OBJC_ROOT_CLASS = YES_ERROR;
				CLANG_WARN_UNREACHABLE_CODE = YES;
				CLANG_WARN__DUPLICATE_METHOD_MATCH = YES;
				COMBINE_HIDPI_IMAGES = YES;
				COPY_PHASE_STRIP = YES;
				DEBUG_INFORMATION_FORMAT = "dwarf-with-dsym";
				ENABLE_NS_ASSERTIONS = NO;
				ENABLE_STRICT_OBJC_MSGSEND = YES;
				FRAMEWORK_SEARCH_PATHS = (
					"$(DEVELOPER_FRAMEWORKS_DIR)",
					"$(inherited)",
				);
				GCC_C_LANGUAGE_STANDARD = gnu99;
				GCC_WARN_64_TO_32_BIT_CONVERSION = YES;
				GCC_WARN_ABOUT_RETURN_TYPE = YES_ERROR;
				GCC_WARN_UNDECLARED_SELECTOR = YES;
				GCC_WARN_UNINITIALIZED_AUTOS = YES_AGGRESSIVE;
				GCC_WARN_UNUSED_FUNCTION = YES;
				GCC_WARN_UNUSED_VARIABLE = YES;
				INFOPLIST_FILE = ReactiveCocoaTests/Info.plist;
				LD_RUNPATH_SEARCH_PATHS = "$(inherited) @executable_path/../Frameworks @loader_path/../Frameworks";
				MACOSX_DEPLOYMENT_TARGET = 10.10;
				MTL_ENABLE_DEBUG_INFO = NO;
				PRODUCT_NAME = "$(TARGET_NAME)";
				SDKROOT = macosx;
			};
			name = Release;
		};
		D02BA9AC1A25959700A814CB /* Profile */ = {
			isa = XCBuildConfiguration;
			buildSettings = {
				ALWAYS_SEARCH_USER_PATHS = NO;
				CLANG_CXX_LANGUAGE_STANDARD = "gnu++0x";
				CLANG_CXX_LIBRARY = "libc++";
				CLANG_ENABLE_MODULES = YES;
				CLANG_ENABLE_OBJC_ARC = YES;
				CLANG_WARN_BOOL_CONVERSION = YES;
				CLANG_WARN_CONSTANT_CONVERSION = YES;
				CLANG_WARN_DIRECT_OBJC_ISA_USAGE = YES_ERROR;
				CLANG_WARN_EMPTY_BODY = YES;
				CLANG_WARN_ENUM_CONVERSION = YES;
				CLANG_WARN_INT_CONVERSION = YES;
				CLANG_WARN_OBJC_ROOT_CLASS = YES_ERROR;
				CLANG_WARN_UNREACHABLE_CODE = YES;
				CLANG_WARN__DUPLICATE_METHOD_MATCH = YES;
				COMBINE_HIDPI_IMAGES = YES;
				COPY_PHASE_STRIP = YES;
				DEBUG_INFORMATION_FORMAT = "dwarf-with-dsym";
				ENABLE_NS_ASSERTIONS = NO;
				ENABLE_STRICT_OBJC_MSGSEND = YES;
				FRAMEWORK_SEARCH_PATHS = (
					"$(DEVELOPER_FRAMEWORKS_DIR)",
					"$(inherited)",
				);
				GCC_C_LANGUAGE_STANDARD = gnu99;
				GCC_WARN_64_TO_32_BIT_CONVERSION = YES;
				GCC_WARN_ABOUT_RETURN_TYPE = YES_ERROR;
				GCC_WARN_UNDECLARED_SELECTOR = YES;
				GCC_WARN_UNINITIALIZED_AUTOS = YES_AGGRESSIVE;
				GCC_WARN_UNUSED_FUNCTION = YES;
				GCC_WARN_UNUSED_VARIABLE = YES;
				INFOPLIST_FILE = ReactiveCocoaTests/Info.plist;
				LD_RUNPATH_SEARCH_PATHS = "$(inherited) @executable_path/../Frameworks @loader_path/../Frameworks";
				MACOSX_DEPLOYMENT_TARGET = 10.10;
				MTL_ENABLE_DEBUG_INFO = NO;
				PRODUCT_NAME = "$(TARGET_NAME)";
				SDKROOT = macosx;
			};
			name = Profile;
		};
		D0626A41167945D400E951A5 /* Profile */ = {
			isa = XCBuildConfiguration;
			baseConfigurationReference = D094E4B31777661600906BF7 /* Profile.xcconfig */;
			buildSettings = {
				IPHONEOS_DEPLOYMENT_TARGET = 8.0;
				MACOSX_DEPLOYMENT_TARGET = 10.8;
				OTHER_LDFLAGS = (
					"$(inherited)",
					"-framework",
					ReactiveCocoa,
					"-framework",
					Archimedes,
				);
				TARGETED_DEVICE_FAMILY = "1,2";
			};
			name = Profile;
		};
		D0626A42167945D400E951A5 /* Profile */ = {
			isa = XCBuildConfiguration;
			baseConfigurationReference = D094E4C11777661600906BF7 /* Mac-Framework.xcconfig */;
			buildSettings = {
				DYLIB_COMPATIBILITY_VERSION = 1;
				DYLIB_CURRENT_VERSION = 1;
				FRAMEWORK_SEARCH_PATHS = (
					"$(inherited)",
					Carthage/Build/Mac,
				);
				FRAMEWORK_VERSION = A;
				INFOPLIST_FILE = ReactiveCocoaLayout/Info.plist;
				WRAPPER_EXTENSION = framework;
			};
			name = Profile;
		};
		D0626A43167945D400E951A5 /* Profile */ = {
			isa = XCBuildConfiguration;
			baseConfigurationReference = D094E4BE1777661600906BF7 /* Mac-Application.xcconfig */;
			buildSettings = {
				CLANG_ENABLE_MODULES = YES;
				FRAMEWORK_SEARCH_PATHS = (
					"$(inherited)",
					"$(DEVELOPER_FRAMEWORKS_DIR)",
					Carthage/Build/Mac,
				);
				INFOPLIST_FILE = ReactiveCocoaLayoutTests/Info.plist;
				LD_RUNPATH_SEARCH_PATHS = "$(inherited) @executable_path/../Frameworks @loader_path/../Frameworks";
				MACOSX_DEPLOYMENT_TARGET = 10.9;
				PRODUCT_NAME = "$(TARGET_NAME)";
			};
			name = Profile;
		};
		D0731B9019FF028F00C01E16 /* Debug */ = {
			isa = XCBuildConfiguration;
			baseConfigurationReference = D0731B7619FF01BC00C01E16 /* iOS-Framework.xcconfig */;
			buildSettings = {
				CLANG_WARN_SUSPICIOUS_IMPLICIT_CONVERSION = NO;
				"CODE_SIGN_IDENTITY[sdk=iphoneos*]" = "iPhone Developer";
				CURRENT_PROJECT_VERSION = 1;
				DYLIB_COMPATIBILITY_VERSION = 1;
				DYLIB_CURRENT_VERSION = 1;
				FRAMEWORK_SEARCH_PATHS = (
					"$(inherited)",
					Carthage/Build/iOS,
				);
				GCC_PREPROCESSOR_DEFINITIONS = (
					"$(inherited)",
					"RCL_FOR_IPHONE=1",
				);
				INFOPLIST_FILE = ReactiveCocoaLayout/Info.plist;
				VERSIONING_SYSTEM = "apple-generic";
				VERSION_INFO_PREFIX = "";
			};
			name = Debug;
		};
		D0731B9119FF028F00C01E16 /* Test */ = {
			isa = XCBuildConfiguration;
			baseConfigurationReference = D0731B7619FF01BC00C01E16 /* iOS-Framework.xcconfig */;
			buildSettings = {
				CLANG_WARN_SUSPICIOUS_IMPLICIT_CONVERSION = NO;
				"CODE_SIGN_IDENTITY[sdk=iphoneos*]" = "iPhone Developer";
				CURRENT_PROJECT_VERSION = 1;
				DYLIB_COMPATIBILITY_VERSION = 1;
				DYLIB_CURRENT_VERSION = 1;
				FRAMEWORK_SEARCH_PATHS = (
					"$(inherited)",
					Carthage/Build/iOS,
				);
				GCC_PREPROCESSOR_DEFINITIONS = (
					"$(inherited)",
					"RCL_FOR_IPHONE=1",
				);
				INFOPLIST_FILE = ReactiveCocoaLayout/Info.plist;
				VERSIONING_SYSTEM = "apple-generic";
				VERSION_INFO_PREFIX = "";
			};
			name = Test;
		};
		D0731B9219FF028F00C01E16 /* Release */ = {
			isa = XCBuildConfiguration;
			baseConfigurationReference = D0731B7619FF01BC00C01E16 /* iOS-Framework.xcconfig */;
			buildSettings = {
				CLANG_WARN_SUSPICIOUS_IMPLICIT_CONVERSION = NO;
				"CODE_SIGN_IDENTITY[sdk=iphoneos*]" = "iPhone Developer";
				CURRENT_PROJECT_VERSION = 1;
				DYLIB_COMPATIBILITY_VERSION = 1;
				DYLIB_CURRENT_VERSION = 1;
				FRAMEWORK_SEARCH_PATHS = (
					"$(inherited)",
					Carthage/Build/iOS,
				);
				GCC_PREPROCESSOR_DEFINITIONS = (
					"$(inherited)",
					"RCL_FOR_IPHONE=1",
				);
				INFOPLIST_FILE = ReactiveCocoaLayout/Info.plist;
				VERSIONING_SYSTEM = "apple-generic";
				VERSION_INFO_PREFIX = "";
			};
			name = Release;
		};
		D0731B9319FF028F00C01E16 /* Profile */ = {
			isa = XCBuildConfiguration;
			baseConfigurationReference = D0731B7619FF01BC00C01E16 /* iOS-Framework.xcconfig */;
			buildSettings = {
				CLANG_WARN_SUSPICIOUS_IMPLICIT_CONVERSION = NO;
				"CODE_SIGN_IDENTITY[sdk=iphoneos*]" = "iPhone Developer";
				CURRENT_PROJECT_VERSION = 1;
				DYLIB_COMPATIBILITY_VERSION = 1;
				DYLIB_CURRENT_VERSION = 1;
				FRAMEWORK_SEARCH_PATHS = (
					"$(inherited)",
					Carthage/Build/iOS,
				);
				GCC_PREPROCESSOR_DEFINITIONS = (
					"$(inherited)",
					"RCL_FOR_IPHONE=1",
				);
				INFOPLIST_FILE = ReactiveCocoaLayout/Info.plist;
				VERSIONING_SYSTEM = "apple-generic";
				VERSION_INFO_PREFIX = "";
			};
			name = Profile;
		};
		D0731B9519FF028F00C01E16 /* Debug */ = {
			isa = XCBuildConfiguration;
			baseConfigurationReference = D094E4BA1777661600906BF7 /* iOS-Application.xcconfig */;
			buildSettings = {
				CLANG_ENABLE_MODULES = YES;
				CLANG_WARN_SUSPICIOUS_IMPLICIT_CONVERSION = NO;
				FRAMEWORK_SEARCH_PATHS = (
					"$(SDKROOT)/Developer/Library/Frameworks",
					"$(inherited)",
					Carthage/Build/iOS,
				);
				GCC_PREPROCESSOR_DEFINITIONS = (
					"$(inherited)",
					"RCL_FOR_IPHONE=1",
				);
				INFOPLIST_FILE = ReactiveCocoaLayoutTests/Info.plist;
				LD_RUNPATH_SEARCH_PATHS = "$(inherited) @executable_path/Frameworks @loader_path/Frameworks";
				PRODUCT_NAME = "$(TARGET_NAME)";
				SWIFT_OPTIMIZATION_LEVEL = "-Onone";
			};
			name = Debug;
		};
		D0731B9619FF028F00C01E16 /* Test */ = {
			isa = XCBuildConfiguration;
			baseConfigurationReference = D094E4BA1777661600906BF7 /* iOS-Application.xcconfig */;
			buildSettings = {
				CLANG_ENABLE_MODULES = YES;
				CLANG_WARN_SUSPICIOUS_IMPLICIT_CONVERSION = NO;
				FRAMEWORK_SEARCH_PATHS = (
					"$(SDKROOT)/Developer/Library/Frameworks",
					"$(inherited)",
					Carthage/Build/iOS,
				);
				GCC_PREPROCESSOR_DEFINITIONS = (
					"$(inherited)",
					"RCL_FOR_IPHONE=1",
				);
				INFOPLIST_FILE = ReactiveCocoaLayoutTests/Info.plist;
				LD_RUNPATH_SEARCH_PATHS = "$(inherited) @executable_path/Frameworks @loader_path/Frameworks";
				PRODUCT_NAME = "$(TARGET_NAME)";
				SWIFT_OPTIMIZATION_LEVEL = "-Onone";
			};
			name = Test;
		};
		D0731B9719FF028F00C01E16 /* Release */ = {
			isa = XCBuildConfiguration;
			baseConfigurationReference = D094E4BA1777661600906BF7 /* iOS-Application.xcconfig */;
			buildSettings = {
				CLANG_ENABLE_MODULES = YES;
				CLANG_WARN_SUSPICIOUS_IMPLICIT_CONVERSION = NO;
				FRAMEWORK_SEARCH_PATHS = (
					"$(SDKROOT)/Developer/Library/Frameworks",
					"$(inherited)",
					Carthage/Build/iOS,
				);
				GCC_PREPROCESSOR_DEFINITIONS = (
					"$(inherited)",
					"RCL_FOR_IPHONE=1",
				);
				INFOPLIST_FILE = ReactiveCocoaLayoutTests/Info.plist;
				LD_RUNPATH_SEARCH_PATHS = "$(inherited) @executable_path/Frameworks @loader_path/Frameworks";
				PRODUCT_NAME = "$(TARGET_NAME)";
			};
			name = Release;
		};
		D0731B9819FF028F00C01E16 /* Profile */ = {
			isa = XCBuildConfiguration;
			baseConfigurationReference = D094E4BA1777661600906BF7 /* iOS-Application.xcconfig */;
			buildSettings = {
				CLANG_ENABLE_MODULES = YES;
				CLANG_WARN_SUSPICIOUS_IMPLICIT_CONVERSION = NO;
				FRAMEWORK_SEARCH_PATHS = (
					"$(SDKROOT)/Developer/Library/Frameworks",
					"$(inherited)",
					Carthage/Build/iOS,
				);
				GCC_PREPROCESSOR_DEFINITIONS = (
					"$(inherited)",
					"RCL_FOR_IPHONE=1",
				);
				INFOPLIST_FILE = ReactiveCocoaLayoutTests/Info.plist;
				LD_RUNPATH_SEARCH_PATHS = "$(inherited) @executable_path/Frameworks @loader_path/Frameworks";
				PRODUCT_NAME = "$(TARGET_NAME)";
			};
			name = Profile;
		};
		D0BB24991678772C005E9371 /* Debug */ = {
			isa = XCBuildConfiguration;
			baseConfigurationReference = D094E4B21777661600906BF7 /* Debug.xcconfig */;
			buildSettings = {
				IPHONEOS_DEPLOYMENT_TARGET = 8.0;
				MACOSX_DEPLOYMENT_TARGET = 10.8;
				OTHER_LDFLAGS = (
					"$(inherited)",
					"-framework",
					ReactiveCocoa,
					"-framework",
					Archimedes,
				);
				TARGETED_DEVICE_FAMILY = "1,2";
			};
			name = Debug;
		};
		D0BB249A1678772C005E9371 /* Release */ = {
			isa = XCBuildConfiguration;
			baseConfigurationReference = D094E4B41777661600906BF7 /* Release.xcconfig */;
			buildSettings = {
				IPHONEOS_DEPLOYMENT_TARGET = 8.0;
				MACOSX_DEPLOYMENT_TARGET = 10.8;
				OTHER_LDFLAGS = (
					"$(inherited)",
					"-framework",
					ReactiveCocoa,
					"-framework",
					Archimedes,
				);
				TARGETED_DEVICE_FAMILY = "1,2";
			};
			name = Release;
		};
		D0BB249C1678772C005E9371 /* Debug */ = {
			isa = XCBuildConfiguration;
			baseConfigurationReference = D094E4C11777661600906BF7 /* Mac-Framework.xcconfig */;
			buildSettings = {
				DYLIB_COMPATIBILITY_VERSION = 1;
				DYLIB_CURRENT_VERSION = 1;
				FRAMEWORK_SEARCH_PATHS = (
					"$(inherited)",
					Carthage/Build/Mac,
				);
				FRAMEWORK_VERSION = A;
				INFOPLIST_FILE = ReactiveCocoaLayout/Info.plist;
				WRAPPER_EXTENSION = framework;
			};
			name = Debug;
		};
		D0BB249D1678772C005E9371 /* Release */ = {
			isa = XCBuildConfiguration;
			baseConfigurationReference = D094E4C11777661600906BF7 /* Mac-Framework.xcconfig */;
			buildSettings = {
				DYLIB_COMPATIBILITY_VERSION = 1;
				DYLIB_CURRENT_VERSION = 1;
				FRAMEWORK_SEARCH_PATHS = (
					"$(inherited)",
					Carthage/Build/Mac,
				);
				FRAMEWORK_VERSION = A;
				INFOPLIST_FILE = ReactiveCocoaLayout/Info.plist;
				WRAPPER_EXTENSION = framework;
			};
			name = Release;
		};
		D0BB249F1678772C005E9371 /* Debug */ = {
			isa = XCBuildConfiguration;
			baseConfigurationReference = D094E4BE1777661600906BF7 /* Mac-Application.xcconfig */;
			buildSettings = {
				CLANG_ENABLE_MODULES = YES;
				FRAMEWORK_SEARCH_PATHS = (
					"$(inherited)",
					"$(DEVELOPER_FRAMEWORKS_DIR)",
					Carthage/Build/Mac,
				);
				INFOPLIST_FILE = ReactiveCocoaLayoutTests/Info.plist;
				LD_RUNPATH_SEARCH_PATHS = "$(inherited) @executable_path/../Frameworks @loader_path/../Frameworks";
				MACOSX_DEPLOYMENT_TARGET = 10.9;
				PRODUCT_NAME = "$(TARGET_NAME)";
				SWIFT_OPTIMIZATION_LEVEL = "-Onone";
			};
			name = Debug;
		};
		D0BB24A01678772C005E9371 /* Release */ = {
			isa = XCBuildConfiguration;
			baseConfigurationReference = D094E4BE1777661600906BF7 /* Mac-Application.xcconfig */;
			buildSettings = {
				CLANG_ENABLE_MODULES = YES;
				FRAMEWORK_SEARCH_PATHS = (
					"$(inherited)",
					"$(DEVELOPER_FRAMEWORKS_DIR)",
					Carthage/Build/Mac,
				);
				INFOPLIST_FILE = ReactiveCocoaLayoutTests/Info.plist;
				LD_RUNPATH_SEARCH_PATHS = "$(inherited) @executable_path/../Frameworks @loader_path/../Frameworks";
				MACOSX_DEPLOYMENT_TARGET = 10.9;
				PRODUCT_NAME = "$(TARGET_NAME)";
			};
			name = Release;
		};
		D0CF35A21A2673F7006A9A4B /* Debug */ = {
			isa = XCBuildConfiguration;
			buildSettings = {
				ALWAYS_SEARCH_USER_PATHS = NO;
				CLANG_CXX_LANGUAGE_STANDARD = "gnu++0x";
				CLANG_CXX_LIBRARY = "libc++";
				CLANG_ENABLE_MODULES = YES;
				CLANG_ENABLE_OBJC_ARC = YES;
				CLANG_WARN_BOOL_CONVERSION = YES;
				CLANG_WARN_CONSTANT_CONVERSION = YES;
				CLANG_WARN_DIRECT_OBJC_ISA_USAGE = YES_ERROR;
				CLANG_WARN_EMPTY_BODY = YES;
				CLANG_WARN_ENUM_CONVERSION = YES;
				CLANG_WARN_INT_CONVERSION = YES;
				CLANG_WARN_OBJC_ROOT_CLASS = YES_ERROR;
				CLANG_WARN_UNREACHABLE_CODE = YES;
				CLANG_WARN__DUPLICATE_METHOD_MATCH = YES;
				"CODE_SIGN_IDENTITY[sdk=iphoneos*]" = "iPhone Developer";
				COPY_PHASE_STRIP = NO;
				CURRENT_PROJECT_VERSION = 1;
				DEFINES_MODULE = YES;
				DYLIB_COMPATIBILITY_VERSION = 1;
				DYLIB_CURRENT_VERSION = 1;
				DYLIB_INSTALL_NAME_BASE = "@rpath";
				ENABLE_STRICT_OBJC_MSGSEND = YES;
				GCC_C_LANGUAGE_STANDARD = gnu99;
				GCC_DYNAMIC_NO_PIC = NO;
				GCC_OPTIMIZATION_LEVEL = 0;
				GCC_PREPROCESSOR_DEFINITIONS = (
					"DEBUG=1",
					"$(inherited)",
				);
				GCC_SYMBOLS_PRIVATE_EXTERN = NO;
				GCC_WARN_64_TO_32_BIT_CONVERSION = YES;
				GCC_WARN_ABOUT_RETURN_TYPE = YES_ERROR;
				GCC_WARN_UNDECLARED_SELECTOR = YES;
				GCC_WARN_UNINITIALIZED_AUTOS = YES_AGGRESSIVE;
				GCC_WARN_UNUSED_FUNCTION = YES;
				GCC_WARN_UNUSED_VARIABLE = YES;
				INFOPLIST_FILE = AuxiliaryFramework/Info.plist;
				INSTALL_PATH = "$(LOCAL_LIBRARY_DIR)/Frameworks";
				IPHONEOS_DEPLOYMENT_TARGET = 8.1;
				LD_RUNPATH_SEARCH_PATHS = "$(inherited) @executable_path/Frameworks @loader_path/Frameworks";
				MTL_ENABLE_DEBUG_INFO = YES;
				ONLY_ACTIVE_ARCH = YES;
				OTHER_LDFLAGS = "";
				PRODUCT_NAME = "$(TARGET_NAME)";
				SDKROOT = iphoneos;
				SKIP_INSTALL = YES;
				VERSIONING_SYSTEM = "apple-generic";
				VERSION_INFO_PREFIX = "";
			};
			name = Debug;
		};
		D0CF35A31A2673F7006A9A4B /* Test */ = {
			isa = XCBuildConfiguration;
			buildSettings = {
				ALWAYS_SEARCH_USER_PATHS = NO;
				CLANG_CXX_LANGUAGE_STANDARD = "gnu++0x";
				CLANG_CXX_LIBRARY = "libc++";
				CLANG_ENABLE_MODULES = YES;
				CLANG_ENABLE_OBJC_ARC = YES;
				CLANG_WARN_BOOL_CONVERSION = YES;
				CLANG_WARN_CONSTANT_CONVERSION = YES;
				CLANG_WARN_DIRECT_OBJC_ISA_USAGE = YES_ERROR;
				CLANG_WARN_EMPTY_BODY = YES;
				CLANG_WARN_ENUM_CONVERSION = YES;
				CLANG_WARN_INT_CONVERSION = YES;
				CLANG_WARN_OBJC_ROOT_CLASS = YES_ERROR;
				CLANG_WARN_UNREACHABLE_CODE = YES;
				CLANG_WARN__DUPLICATE_METHOD_MATCH = YES;
				"CODE_SIGN_IDENTITY[sdk=iphoneos*]" = "iPhone Developer";
				COPY_PHASE_STRIP = YES;
				CURRENT_PROJECT_VERSION = 1;
				DEFINES_MODULE = YES;
				DYLIB_COMPATIBILITY_VERSION = 1;
				DYLIB_CURRENT_VERSION = 1;
				DYLIB_INSTALL_NAME_BASE = "@rpath";
				ENABLE_NS_ASSERTIONS = NO;
				ENABLE_STRICT_OBJC_MSGSEND = YES;
				GCC_C_LANGUAGE_STANDARD = gnu99;
				GCC_WARN_64_TO_32_BIT_CONVERSION = YES;
				GCC_WARN_ABOUT_RETURN_TYPE = YES_ERROR;
				GCC_WARN_UNDECLARED_SELECTOR = YES;
				GCC_WARN_UNINITIALIZED_AUTOS = YES_AGGRESSIVE;
				GCC_WARN_UNUSED_FUNCTION = YES;
				GCC_WARN_UNUSED_VARIABLE = YES;
				INFOPLIST_FILE = AuxiliaryFramework/Info.plist;
				INSTALL_PATH = "$(LOCAL_LIBRARY_DIR)/Frameworks";
				IPHONEOS_DEPLOYMENT_TARGET = 8.1;
				LD_RUNPATH_SEARCH_PATHS = "$(inherited) @executable_path/Frameworks @loader_path/Frameworks";
				MTL_ENABLE_DEBUG_INFO = NO;
				OTHER_LDFLAGS = "";
				PRODUCT_NAME = "$(TARGET_NAME)";
				SDKROOT = iphoneos;
				SKIP_INSTALL = YES;
				VALIDATE_PRODUCT = YES;
				VERSIONING_SYSTEM = "apple-generic";
				VERSION_INFO_PREFIX = "";
			};
			name = Test;
		};
		D0CF35A41A2673F7006A9A4B /* Release */ = {
			isa = XCBuildConfiguration;
			buildSettings = {
				ALWAYS_SEARCH_USER_PATHS = NO;
				CLANG_CXX_LANGUAGE_STANDARD = "gnu++0x";
				CLANG_CXX_LIBRARY = "libc++";
				CLANG_ENABLE_MODULES = YES;
				CLANG_ENABLE_OBJC_ARC = YES;
				CLANG_WARN_BOOL_CONVERSION = YES;
				CLANG_WARN_CONSTANT_CONVERSION = YES;
				CLANG_WARN_DIRECT_OBJC_ISA_USAGE = YES_ERROR;
				CLANG_WARN_EMPTY_BODY = YES;
				CLANG_WARN_ENUM_CONVERSION = YES;
				CLANG_WARN_INT_CONVERSION = YES;
				CLANG_WARN_OBJC_ROOT_CLASS = YES_ERROR;
				CLANG_WARN_UNREACHABLE_CODE = YES;
				CLANG_WARN__DUPLICATE_METHOD_MATCH = YES;
				"CODE_SIGN_IDENTITY[sdk=iphoneos*]" = "iPhone Developer";
				COPY_PHASE_STRIP = YES;
				CURRENT_PROJECT_VERSION = 1;
				DEFINES_MODULE = YES;
				DYLIB_COMPATIBILITY_VERSION = 1;
				DYLIB_CURRENT_VERSION = 1;
				DYLIB_INSTALL_NAME_BASE = "@rpath";
				ENABLE_NS_ASSERTIONS = NO;
				ENABLE_STRICT_OBJC_MSGSEND = YES;
				GCC_C_LANGUAGE_STANDARD = gnu99;
				GCC_WARN_64_TO_32_BIT_CONVERSION = YES;
				GCC_WARN_ABOUT_RETURN_TYPE = YES_ERROR;
				GCC_WARN_UNDECLARED_SELECTOR = YES;
				GCC_WARN_UNINITIALIZED_AUTOS = YES_AGGRESSIVE;
				GCC_WARN_UNUSED_FUNCTION = YES;
				GCC_WARN_UNUSED_VARIABLE = YES;
				INFOPLIST_FILE = AuxiliaryFramework/Info.plist;
				INSTALL_PATH = "$(LOCAL_LIBRARY_DIR)/Frameworks";
				IPHONEOS_DEPLOYMENT_TARGET = 8.1;
				LD_RUNPATH_SEARCH_PATHS = "$(inherited) @executable_path/Frameworks @loader_path/Frameworks";
				MTL_ENABLE_DEBUG_INFO = NO;
				OTHER_LDFLAGS = "";
				PRODUCT_NAME = "$(TARGET_NAME)";
				SDKROOT = iphoneos;
				SKIP_INSTALL = YES;
				VALIDATE_PRODUCT = YES;
				VERSIONING_SYSTEM = "apple-generic";
				VERSION_INFO_PREFIX = "";
			};
			name = Release;
		};
		D0CF35A51A2673F7006A9A4B /* Profile */ = {
			isa = XCBuildConfiguration;
			buildSettings = {
				ALWAYS_SEARCH_USER_PATHS = NO;
				CLANG_CXX_LANGUAGE_STANDARD = "gnu++0x";
				CLANG_CXX_LIBRARY = "libc++";
				CLANG_ENABLE_MODULES = YES;
				CLANG_ENABLE_OBJC_ARC = YES;
				CLANG_WARN_BOOL_CONVERSION = YES;
				CLANG_WARN_CONSTANT_CONVERSION = YES;
				CLANG_WARN_DIRECT_OBJC_ISA_USAGE = YES_ERROR;
				CLANG_WARN_EMPTY_BODY = YES;
				CLANG_WARN_ENUM_CONVERSION = YES;
				CLANG_WARN_INT_CONVERSION = YES;
				CLANG_WARN_OBJC_ROOT_CLASS = YES_ERROR;
				CLANG_WARN_UNREACHABLE_CODE = YES;
				CLANG_WARN__DUPLICATE_METHOD_MATCH = YES;
				"CODE_SIGN_IDENTITY[sdk=iphoneos*]" = "iPhone Developer";
				COPY_PHASE_STRIP = YES;
				CURRENT_PROJECT_VERSION = 1;
				DEFINES_MODULE = YES;
				DYLIB_COMPATIBILITY_VERSION = 1;
				DYLIB_CURRENT_VERSION = 1;
				DYLIB_INSTALL_NAME_BASE = "@rpath";
				ENABLE_NS_ASSERTIONS = NO;
				ENABLE_STRICT_OBJC_MSGSEND = YES;
				GCC_C_LANGUAGE_STANDARD = gnu99;
				GCC_WARN_64_TO_32_BIT_CONVERSION = YES;
				GCC_WARN_ABOUT_RETURN_TYPE = YES_ERROR;
				GCC_WARN_UNDECLARED_SELECTOR = YES;
				GCC_WARN_UNINITIALIZED_AUTOS = YES_AGGRESSIVE;
				GCC_WARN_UNUSED_FUNCTION = YES;
				GCC_WARN_UNUSED_VARIABLE = YES;
				INFOPLIST_FILE = AuxiliaryFramework/Info.plist;
				INSTALL_PATH = "$(LOCAL_LIBRARY_DIR)/Frameworks";
				IPHONEOS_DEPLOYMENT_TARGET = 8.1;
				LD_RUNPATH_SEARCH_PATHS = "$(inherited) @executable_path/Frameworks @loader_path/Frameworks";
				MTL_ENABLE_DEBUG_INFO = NO;
				OTHER_LDFLAGS = "";
				PRODUCT_NAME = "$(TARGET_NAME)";
				SDKROOT = iphoneos;
				SKIP_INSTALL = YES;
				VALIDATE_PRODUCT = YES;
				VERSIONING_SYSTEM = "apple-generic";
				VERSION_INFO_PREFIX = "";
			};
			name = Profile;
		};
		D0CF35A61A2673F7006A9A4B /* Debug */ = {
			isa = XCBuildConfiguration;
			buildSettings = {
				ALWAYS_SEARCH_USER_PATHS = NO;
				CLANG_CXX_LANGUAGE_STANDARD = "gnu++0x";
				CLANG_CXX_LIBRARY = "libc++";
				CLANG_ENABLE_MODULES = YES;
				CLANG_ENABLE_OBJC_ARC = YES;
				CLANG_WARN_BOOL_CONVERSION = YES;
				CLANG_WARN_CONSTANT_CONVERSION = YES;
				CLANG_WARN_DIRECT_OBJC_ISA_USAGE = YES_ERROR;
				CLANG_WARN_EMPTY_BODY = YES;
				CLANG_WARN_ENUM_CONVERSION = YES;
				CLANG_WARN_INT_CONVERSION = YES;
				CLANG_WARN_OBJC_ROOT_CLASS = YES_ERROR;
				CLANG_WARN_UNREACHABLE_CODE = YES;
				CLANG_WARN__DUPLICATE_METHOD_MATCH = YES;
				COPY_PHASE_STRIP = NO;
				ENABLE_STRICT_OBJC_MSGSEND = YES;
				FRAMEWORK_SEARCH_PATHS = (
					"$(SDKROOT)/Developer/Library/Frameworks",
					"$(inherited)",
				);
				GCC_C_LANGUAGE_STANDARD = gnu99;
				GCC_DYNAMIC_NO_PIC = NO;
				GCC_OPTIMIZATION_LEVEL = 0;
				GCC_PREPROCESSOR_DEFINITIONS = (
					"DEBUG=1",
					"$(inherited)",
				);
				GCC_SYMBOLS_PRIVATE_EXTERN = NO;
				GCC_WARN_64_TO_32_BIT_CONVERSION = YES;
				GCC_WARN_ABOUT_RETURN_TYPE = YES_ERROR;
				GCC_WARN_UNDECLARED_SELECTOR = YES;
				GCC_WARN_UNINITIALIZED_AUTOS = YES_AGGRESSIVE;
				GCC_WARN_UNUSED_FUNCTION = YES;
				GCC_WARN_UNUSED_VARIABLE = YES;
				INFOPLIST_FILE = AuxiliaryFrameworkTests/Info.plist;
				IPHONEOS_DEPLOYMENT_TARGET = 8.1;
				LD_RUNPATH_SEARCH_PATHS = "$(inherited) @executable_path/Frameworks @loader_path/Frameworks";
				MTL_ENABLE_DEBUG_INFO = YES;
				ONLY_ACTIVE_ARCH = YES;
				PRODUCT_NAME = "$(TARGET_NAME)";
				SDKROOT = iphoneos;
			};
			name = Debug;
		};
		D0CF35A71A2673F7006A9A4B /* Test */ = {
			isa = XCBuildConfiguration;
			buildSettings = {
				ALWAYS_SEARCH_USER_PATHS = NO;
				CLANG_CXX_LANGUAGE_STANDARD = "gnu++0x";
				CLANG_CXX_LIBRARY = "libc++";
				CLANG_ENABLE_MODULES = YES;
				CLANG_ENABLE_OBJC_ARC = YES;
				CLANG_WARN_BOOL_CONVERSION = YES;
				CLANG_WARN_CONSTANT_CONVERSION = YES;
				CLANG_WARN_DIRECT_OBJC_ISA_USAGE = YES_ERROR;
				CLANG_WARN_EMPTY_BODY = YES;
				CLANG_WARN_ENUM_CONVERSION = YES;
				CLANG_WARN_INT_CONVERSION = YES;
				CLANG_WARN_OBJC_ROOT_CLASS = YES_ERROR;
				CLANG_WARN_UNREACHABLE_CODE = YES;
				CLANG_WARN__DUPLICATE_METHOD_MATCH = YES;
				COPY_PHASE_STRIP = YES;
				ENABLE_NS_ASSERTIONS = NO;
				ENABLE_STRICT_OBJC_MSGSEND = YES;
				FRAMEWORK_SEARCH_PATHS = (
					"$(SDKROOT)/Developer/Library/Frameworks",
					"$(inherited)",
				);
				GCC_C_LANGUAGE_STANDARD = gnu99;
				GCC_WARN_64_TO_32_BIT_CONVERSION = YES;
				GCC_WARN_ABOUT_RETURN_TYPE = YES_ERROR;
				GCC_WARN_UNDECLARED_SELECTOR = YES;
				GCC_WARN_UNINITIALIZED_AUTOS = YES_AGGRESSIVE;
				GCC_WARN_UNUSED_FUNCTION = YES;
				GCC_WARN_UNUSED_VARIABLE = YES;
				INFOPLIST_FILE = AuxiliaryFrameworkTests/Info.plist;
				IPHONEOS_DEPLOYMENT_TARGET = 8.1;
				LD_RUNPATH_SEARCH_PATHS = "$(inherited) @executable_path/Frameworks @loader_path/Frameworks";
				MTL_ENABLE_DEBUG_INFO = NO;
				PRODUCT_NAME = "$(TARGET_NAME)";
				SDKROOT = iphoneos;
				VALIDATE_PRODUCT = YES;
			};
			name = Test;
		};
		D0CF35A81A2673F7006A9A4B /* Release */ = {
			isa = XCBuildConfiguration;
			buildSettings = {
				ALWAYS_SEARCH_USER_PATHS = NO;
				CLANG_CXX_LANGUAGE_STANDARD = "gnu++0x";
				CLANG_CXX_LIBRARY = "libc++";
				CLANG_ENABLE_MODULES = YES;
				CLANG_ENABLE_OBJC_ARC = YES;
				CLANG_WARN_BOOL_CONVERSION = YES;
				CLANG_WARN_CONSTANT_CONVERSION = YES;
				CLANG_WARN_DIRECT_OBJC_ISA_USAGE = YES_ERROR;
				CLANG_WARN_EMPTY_BODY = YES;
				CLANG_WARN_ENUM_CONVERSION = YES;
				CLANG_WARN_INT_CONVERSION = YES;
				CLANG_WARN_OBJC_ROOT_CLASS = YES_ERROR;
				CLANG_WARN_UNREACHABLE_CODE = YES;
				CLANG_WARN__DUPLICATE_METHOD_MATCH = YES;
				COPY_PHASE_STRIP = YES;
				ENABLE_NS_ASSERTIONS = NO;
				ENABLE_STRICT_OBJC_MSGSEND = YES;
				FRAMEWORK_SEARCH_PATHS = (
					"$(SDKROOT)/Developer/Library/Frameworks",
					"$(inherited)",
				);
				GCC_C_LANGUAGE_STANDARD = gnu99;
				GCC_WARN_64_TO_32_BIT_CONVERSION = YES;
				GCC_WARN_ABOUT_RETURN_TYPE = YES_ERROR;
				GCC_WARN_UNDECLARED_SELECTOR = YES;
				GCC_WARN_UNINITIALIZED_AUTOS = YES_AGGRESSIVE;
				GCC_WARN_UNUSED_FUNCTION = YES;
				GCC_WARN_UNUSED_VARIABLE = YES;
				INFOPLIST_FILE = AuxiliaryFrameworkTests/Info.plist;
				IPHONEOS_DEPLOYMENT_TARGET = 8.1;
				LD_RUNPATH_SEARCH_PATHS = "$(inherited) @executable_path/Frameworks @loader_path/Frameworks";
				MTL_ENABLE_DEBUG_INFO = NO;
				PRODUCT_NAME = "$(TARGET_NAME)";
				SDKROOT = iphoneos;
				VALIDATE_PRODUCT = YES;
			};
			name = Release;
		};
		D0CF35A91A2673F7006A9A4B /* Profile */ = {
			isa = XCBuildConfiguration;
			buildSettings = {
				ALWAYS_SEARCH_USER_PATHS = NO;
				CLANG_CXX_LANGUAGE_STANDARD = "gnu++0x";
				CLANG_CXX_LIBRARY = "libc++";
				CLANG_ENABLE_MODULES = YES;
				CLANG_ENABLE_OBJC_ARC = YES;
				CLANG_WARN_BOOL_CONVERSION = YES;
				CLANG_WARN_CONSTANT_CONVERSION = YES;
				CLANG_WARN_DIRECT_OBJC_ISA_USAGE = YES_ERROR;
				CLANG_WARN_EMPTY_BODY = YES;
				CLANG_WARN_ENUM_CONVERSION = YES;
				CLANG_WARN_INT_CONVERSION = YES;
				CLANG_WARN_OBJC_ROOT_CLASS = YES_ERROR;
				CLANG_WARN_UNREACHABLE_CODE = YES;
				CLANG_WARN__DUPLICATE_METHOD_MATCH = YES;
				COPY_PHASE_STRIP = YES;
				ENABLE_NS_ASSERTIONS = NO;
				ENABLE_STRICT_OBJC_MSGSEND = YES;
				FRAMEWORK_SEARCH_PATHS = (
					"$(SDKROOT)/Developer/Library/Frameworks",
					"$(inherited)",
				);
				GCC_C_LANGUAGE_STANDARD = gnu99;
				GCC_WARN_64_TO_32_BIT_CONVERSION = YES;
				GCC_WARN_ABOUT_RETURN_TYPE = YES_ERROR;
				GCC_WARN_UNDECLARED_SELECTOR = YES;
				GCC_WARN_UNINITIALIZED_AUTOS = YES_AGGRESSIVE;
				GCC_WARN_UNUSED_FUNCTION = YES;
				GCC_WARN_UNUSED_VARIABLE = YES;
				INFOPLIST_FILE = AuxiliaryFrameworkTests/Info.plist;
				IPHONEOS_DEPLOYMENT_TARGET = 8.1;
				LD_RUNPATH_SEARCH_PATHS = "$(inherited) @executable_path/Frameworks @loader_path/Frameworks";
				MTL_ENABLE_DEBUG_INFO = NO;
				PRODUCT_NAME = "$(TARGET_NAME)";
				SDKROOT = iphoneos;
				VALIDATE_PRODUCT = YES;
			};
			name = Profile;
		};
		D499F09818E0D4A600AA91F9 /* Test */ = {
			isa = XCBuildConfiguration;
			baseConfigurationReference = D094E4B51777661600906BF7 /* Test.xcconfig */;
			buildSettings = {
				IPHONEOS_DEPLOYMENT_TARGET = 8.0;
				MACOSX_DEPLOYMENT_TARGET = 10.8;
				OTHER_LDFLAGS = (
					"$(inherited)",
					"-framework",
					ReactiveCocoa,
					"-framework",
					Archimedes,
				);
				TARGETED_DEVICE_FAMILY = "1,2";
			};
			name = Test;
		};
		D499F09918E0D4A600AA91F9 /* Test */ = {
			isa = XCBuildConfiguration;
			baseConfigurationReference = D094E4C11777661600906BF7 /* Mac-Framework.xcconfig */;
			buildSettings = {
				DYLIB_COMPATIBILITY_VERSION = 1;
				DYLIB_CURRENT_VERSION = 1;
				FRAMEWORK_SEARCH_PATHS = (
					"$(inherited)",
					Carthage/Build/Mac,
				);
				FRAMEWORK_VERSION = A;
				INFOPLIST_FILE = ReactiveCocoaLayout/Info.plist;
				WRAPPER_EXTENSION = framework;
			};
			name = Test;
		};
		D499F09A18E0D4A600AA91F9 /* Test */ = {
			isa = XCBuildConfiguration;
			baseConfigurationReference = D094E4BE1777661600906BF7 /* Mac-Application.xcconfig */;
			buildSettings = {
				CLANG_ENABLE_MODULES = YES;
				FRAMEWORK_SEARCH_PATHS = (
					"$(inherited)",
					"$(DEVELOPER_FRAMEWORKS_DIR)",
					Carthage/Build/Mac,
				);
				INFOPLIST_FILE = ReactiveCocoaLayoutTests/Info.plist;
				LD_RUNPATH_SEARCH_PATHS = "$(inherited) @executable_path/../Frameworks @loader_path/../Frameworks";
				MACOSX_DEPLOYMENT_TARGET = 10.9;
				PRODUCT_NAME = "$(TARGET_NAME)";
				SWIFT_OPTIMIZATION_LEVEL = "-Onone";
			};
			name = Test;
		};
/* End XCBuildConfiguration section */

/* Begin XCConfigurationList section */
		D02BA9AD1A25959700A814CB /* Build configuration list for PBXNativeTarget "ReactiveCocoa" */ = {
			isa = XCConfigurationList;
			buildConfigurations = (
				D02BA9A51A25959700A814CB /* Debug */,
				D02BA9A61A25959700A814CB /* Test */,
				D02BA9A71A25959700A814CB /* Release */,
				D02BA9A81A25959700A814CB /* Profile */,
			);
			defaultConfigurationIsVisible = 0;
			defaultConfigurationName = Release;
		};
		D02BA9AE1A25959700A814CB /* Build configuration list for PBXNativeTarget "ReactiveCocoaTests" */ = {
			isa = XCConfigurationList;
			buildConfigurations = (
				D02BA9A91A25959700A814CB /* Debug */,
				D02BA9AA1A25959700A814CB /* Test */,
				D02BA9AB1A25959700A814CB /* Release */,
				D02BA9AC1A25959700A814CB /* Profile */,
			);
			defaultConfigurationIsVisible = 0;
			defaultConfigurationName = Release;
		};
		D0731B8F19FF028F00C01E16 /* Build configuration list for PBXNativeTarget "ReactiveCocoaLayout iOS" */ = {
			isa = XCConfigurationList;
			buildConfigurations = (
				D0731B9019FF028F00C01E16 /* Debug */,
				D0731B9119FF028F00C01E16 /* Test */,
				D0731B9219FF028F00C01E16 /* Release */,
				D0731B9319FF028F00C01E16 /* Profile */,
			);
			defaultConfigurationIsVisible = 0;
			defaultConfigurationName = Release;
		};
		D0731B9419FF028F00C01E16 /* Build configuration list for PBXNativeTarget "ReactiveCocoaLayout iOS Tests" */ = {
			isa = XCConfigurationList;
			buildConfigurations = (
				D0731B9519FF028F00C01E16 /* Debug */,
				D0731B9619FF028F00C01E16 /* Test */,
				D0731B9719FF028F00C01E16 /* Release */,
				D0731B9819FF028F00C01E16 /* Profile */,
			);
			defaultConfigurationIsVisible = 0;
			defaultConfigurationName = Release;
		};
		D0BB246A1678772C005E9371 /* Build configuration list for PBXProject "ReactiveCocoaLayout" */ = {
			isa = XCConfigurationList;
			buildConfigurations = (
				D0BB24991678772C005E9371 /* Debug */,
				D499F09818E0D4A600AA91F9 /* Test */,
				D0BB249A1678772C005E9371 /* Release */,
				D0626A41167945D400E951A5 /* Profile */,
			);
			defaultConfigurationIsVisible = 0;
			defaultConfigurationName = Release;
		};
		D0BB249B1678772C005E9371 /* Build configuration list for PBXNativeTarget "ReactiveCocoaLayout Mac" */ = {
			isa = XCConfigurationList;
			buildConfigurations = (
				D0BB249C1678772C005E9371 /* Debug */,
				D499F09918E0D4A600AA91F9 /* Test */,
				D0BB249D1678772C005E9371 /* Release */,
				D0626A42167945D400E951A5 /* Profile */,
			);
			defaultConfigurationIsVisible = 0;
			defaultConfigurationName = Release;
		};
		D0BB249E1678772C005E9371 /* Build configuration list for PBXNativeTarget "ReactiveCocoaLayout Mac Tests" */ = {
			isa = XCConfigurationList;
			buildConfigurations = (
				D0BB249F1678772C005E9371 /* Debug */,
				D499F09A18E0D4A600AA91F9 /* Test */,
				D0BB24A01678772C005E9371 /* Release */,
				D0626A43167945D400E951A5 /* Profile */,
			);
			defaultConfigurationIsVisible = 0;
			defaultConfigurationName = Release;
		};
		D0CF35AA1A2673F7006A9A4B /* Build configuration list for PBXNativeTarget "AuxiliaryFramework" */ = {
			isa = XCConfigurationList;
			buildConfigurations = (
				D0CF35A21A2673F7006A9A4B /* Debug */,
				D0CF35A31A2673F7006A9A4B /* Test */,
				D0CF35A41A2673F7006A9A4B /* Release */,
				D0CF35A51A2673F7006A9A4B /* Profile */,
			);
			defaultConfigurationIsVisible = 0;
			defaultConfigurationName = Release;
		};
		D0CF35AB1A2673F7006A9A4B /* Build configuration list for PBXNativeTarget "AuxiliaryFrameworkTests" */ = {
			isa = XCConfigurationList;
			buildConfigurations = (
				D0CF35A61A2673F7006A9A4B /* Debug */,
				D0CF35A71A2673F7006A9A4B /* Test */,
				D0CF35A81A2673F7006A9A4B /* Release */,
				D0CF35A91A2673F7006A9A4B /* Profile */,
			);
			defaultConfigurationIsVisible = 0;
			defaultConfigurationName = Release;
		};
/* End XCConfigurationList section */
	};
	rootObject = D0BB24671678772C005E9371 /* Project object */;
}
